// !$*UTF8*$!
{
	archiveVersion = 1;
	classes = {
	};
	objectVersion = 46;
	objects = {

/* Begin PBXBuildFile section */
		0308F974153CC17BC400638C /* Pods_HealthCare.framework in Frameworks */ = {isa = PBXBuildFile; fileRef = 951430F24416B1E0A9807946 /* Pods_HealthCare.framework */; };
		6177DAB81E73797C00890BFB /* ExerciseCategory.swift in Sources */ = {isa = PBXBuildFile; fileRef = 6177DAB71E73797C00890BFB /* ExerciseCategory.swift */; };
		6177DABA1E7379F900890BFB /* Exercise.swift in Sources */ = {isa = PBXBuildFile; fileRef = 6177DAB91E7379F900890BFB /* Exercise.swift */; };
		6177DABC1E73CFB000890BFB /* EatCategory.swift in Sources */ = {isa = PBXBuildFile; fileRef = 6177DABB1E73CFB000890BFB /* EatCategory.swift */; };
		6177DABE1E73CFCE00890BFB /* Eat.swift in Sources */ = {isa = PBXBuildFile; fileRef = 6177DABD1E73CFCE00890BFB /* Eat.swift */; };
		6177DAC01E73D93300890BFB /* detailex_bg.png in Resources */ = {isa = PBXBuildFile; fileRef = 6177DABF1E73D93300890BFB /* detailex_bg.png */; };
		61AB25F61E71A57000F5B4B2 /* MainViewController.swift in Sources */ = {isa = PBXBuildFile; fileRef = 61AB25F41E71A57000F5B4B2 /* MainViewController.swift */; };
		61AB25F71E71A57000F5B4B2 /* MainViewController.xib in Resources */ = {isa = PBXBuildFile; fileRef = 61AB25F51E71A57000F5B4B2 /* MainViewController.xib */; };
		61AB26041E71A57900F5B4B2 /* ExcercisCell.swift in Sources */ = {isa = PBXBuildFile; fileRef = 61AB25FA1E71A57900F5B4B2 /* ExcercisCell.swift */; };
		61AB26051E71A57900F5B4B2 /* ExcercisCell.xib in Resources */ = {isa = PBXBuildFile; fileRef = 61AB25FB1E71A57900F5B4B2 /* ExcercisCell.xib */; };
		61AB26061E71A57900F5B4B2 /* SliderTableViewCell.swift in Sources */ = {isa = PBXBuildFile; fileRef = 61AB25FD1E71A57900F5B4B2 /* SliderTableViewCell.swift */; };
		61AB26071E71A57900F5B4B2 /* SliderTableViewCell.xib in Resources */ = {isa = PBXBuildFile; fileRef = 61AB25FE1E71A57900F5B4B2 /* SliderTableViewCell.xib */; };
		61AB26081E71A57900F5B4B2 /* ExcercisSeeAllVC.swift in Sources */ = {isa = PBXBuildFile; fileRef = 61AB26001E71A57900F5B4B2 /* ExcercisSeeAllVC.swift */; };
		61AB26091E71A57900F5B4B2 /* ExcercisSeeAllVC.xib in Resources */ = {isa = PBXBuildFile; fileRef = 61AB26011E71A57900F5B4B2 /* ExcercisSeeAllVC.xib */; };
		61AB260A1E71A57900F5B4B2 /* ExcercisViewController.swift in Sources */ = {isa = PBXBuildFile; fileRef = 61AB26021E71A57900F5B4B2 /* ExcercisViewController.swift */; };
		61AB260B1E71A57900F5B4B2 /* ExcercisViewController.xib in Resources */ = {isa = PBXBuildFile; fileRef = 61AB26031E71A57900F5B4B2 /* ExcercisViewController.xib */; };
		61AB260E1E71A59400F5B4B2 /* Constants.swift in Sources */ = {isa = PBXBuildFile; fileRef = 61AB260D1E71A59400F5B4B2 /* Constants.swift */; };
		61AB26131E71A5A300F5B4B2 /* UTM-Neo-Sans-Intel.ttf in Resources */ = {isa = PBXBuildFile; fileRef = 61AB26101E71A5A300F5B4B2 /* UTM-Neo-Sans-Intel.ttf */; };
		61AB26141E71A5A300F5B4B2 /* UTM-Neo-Sans-IntelBold.ttf in Resources */ = {isa = PBXBuildFile; fileRef = 61AB26111E71A5A300F5B4B2 /* UTM-Neo-Sans-IntelBold.ttf */; };
		61AB26151E71A5A300F5B4B2 /* UTM-Neo-Sans-IntelBold_Italic.ttf in Resources */ = {isa = PBXBuildFile; fileRef = 61AB26121E71A5A300F5B4B2 /* UTM-Neo-Sans-IntelBold_Italic.ttf */; };
		61AB26191E71A98000F5B4B2 /* ExcercisSeeAllCell.swift in Sources */ = {isa = PBXBuildFile; fileRef = 61AB26171E71A98000F5B4B2 /* ExcercisSeeAllCell.swift */; };
		61AB261A1E71A98000F5B4B2 /* ExcercisSeeAllCell.xib in Resources */ = {isa = PBXBuildFile; fileRef = 61AB26181E71A98000F5B4B2 /* ExcercisSeeAllCell.xib */; };
		61AB261E1E71B2E600F5B4B2 /* PlayingView.swift in Sources */ = {isa = PBXBuildFile; fileRef = 61AB261C1E71B2E600F5B4B2 /* PlayingView.swift */; };
		61AB261F1E71B2E600F5B4B2 /* PlayingView.xib in Resources */ = {isa = PBXBuildFile; fileRef = 61AB261D1E71B2E600F5B4B2 /* PlayingView.xib */; };
		61DBCE4E1E74CA8500E6E669 /* ExcercisCell1.xib in Resources */ = {isa = PBXBuildFile; fileRef = 61DBCE4D1E74CA8500E6E669 /* ExcercisCell1.xib */; };
		61DBCE511E74D75D00E6E669 /* IntroPage.xib in Resources */ = {isa = PBXBuildFile; fileRef = 61DBCE501E74D75D00E6E669 /* IntroPage.xib */; };
		61DBCE531E74E8FA00E6E669 /* nodata_icon.png in Resources */ = {isa = PBXBuildFile; fileRef = 61DBCE521E74E8FA00E6E669 /* nodata_icon.png */; };
		A32794DF1E741F8B00053968 /* eat_bg.png in Resources */ = {isa = PBXBuildFile; fileRef = A32794DE1E741F8B00053968 /* eat_bg.png */; };
		A32794E31E74287300053968 /* icon_loved.png in Resources */ = {isa = PBXBuildFile; fileRef = A32794E21E74287300053968 /* icon_loved.png */; };
		A32794E51E7428CF00053968 /* Somatic-Rounded.otf in Resources */ = {isa = PBXBuildFile; fileRef = A32794E41E7428CF00053968 /* Somatic-Rounded.otf */; };
		A32794EB1E742C9300053968 /* nodata_bg.png in Resources */ = {isa = PBXBuildFile; fileRef = A32794EA1E742C9300053968 /* nodata_bg.png */; };
		A32794EE1E742D6000053968 /* NoDataViewController.swift in Sources */ = {isa = PBXBuildFile; fileRef = A32794ED1E742D6000053968 /* NoDataViewController.swift */; };
		A32794F11E743D6F00053968 /* icon-delete.png in Resources */ = {isa = PBXBuildFile; fileRef = A32794F01E743D6F00053968 /* icon-delete.png */; };
		A32794F61E74434200053968 /* FavouriteTabBarCell.swift in Sources */ = {isa = PBXBuildFile; fileRef = A32794F41E74434200053968 /* FavouriteTabBarCell.swift */; };
		A32794F71E74434200053968 /* FavouriteTabBarCell.xib in Resources */ = {isa = PBXBuildFile; fileRef = A32794F51E74434200053968 /* FavouriteTabBarCell.xib */; };
		A32794FB1E744D5C00053968 /* icon_loved.png in Resources */ = {isa = PBXBuildFile; fileRef = A32794FA1E744D5C00053968 /* icon_loved.png */; };
		A342FB271E6DC7ED00FD822C /* NotificationViewController.swift in Sources */ = {isa = PBXBuildFile; fileRef = A342FB261E6DC7ED00FD822C /* NotificationViewController.swift */; };
		A342FB2A1E6DCA7F00FD822C /* DetailFoodViewController.swift in Sources */ = {isa = PBXBuildFile; fileRef = A342FB291E6DCA7F00FD822C /* DetailFoodViewController.swift */; };
		A356ACBC1E68670500716B68 /* menu.png in Resources */ = {isa = PBXBuildFile; fileRef = A356ACBB1E68670500716B68 /* menu.png */; };
		A356ACBE1E686F8900716B68 /* BasedCollectionViewController.swift in Sources */ = {isa = PBXBuildFile; fileRef = A356ACBD1E686F8900716B68 /* BasedCollectionViewController.swift */; };
		A356ACC11E68704A00716B68 /* EatViewController.swift in Sources */ = {isa = PBXBuildFile; fileRef = A356ACC01E68704A00716B68 /* EatViewController.swift */; };
		A356ACC51E68731F00716B68 /* lunch_0.png in Resources */ = {isa = PBXBuildFile; fileRef = A356ACC21E68731F00716B68 /* lunch_0.png */; };
		A356ACC61E68731F00716B68 /* lunch_1.png in Resources */ = {isa = PBXBuildFile; fileRef = A356ACC31E68731F00716B68 /* lunch_1.png */; };
		A356ACC71E68731F00716B68 /* lunch_2.png in Resources */ = {isa = PBXBuildFile; fileRef = A356ACC41E68731F00716B68 /* lunch_2.png */; };
		A356ACCB1E68732800716B68 /* dinner_0.png in Resources */ = {isa = PBXBuildFile; fileRef = A356ACC81E68732800716B68 /* dinner_0.png */; };
		A356ACCC1E68732800716B68 /* dinner_1.png in Resources */ = {isa = PBXBuildFile; fileRef = A356ACC91E68732800716B68 /* dinner_1.png */; };
		A356ACCD1E68732800716B68 /* dinner_2.png in Resources */ = {isa = PBXBuildFile; fileRef = A356ACCA1E68732800716B68 /* dinner_2.png */; };
		A356ACD11E68A03200716B68 /* GoogleService-Info.plist in Resources */ = {isa = PBXBuildFile; fileRef = A356ACD01E68A03200716B68 /* GoogleService-Info.plist */; };
		A369E3F11E73EB07007A3D72 /* icon_love.png in Resources */ = {isa = PBXBuildFile; fileRef = A369E3F01E73EB07007A3D72 /* icon_love.png */; };
		A369E3F31E73F4F7007A3D72 /* a5fa97aef368df714b8ed7faac85a379.png in Resources */ = {isa = PBXBuildFile; fileRef = A369E3F21E73F4F7007A3D72 /* a5fa97aef368df714b8ed7faac85a379.png */; };
		A369E3F71E73F76A007A3D72 /* detail_food_line.png in Resources */ = {isa = PBXBuildFile; fileRef = A369E3F61E73F76A007A3D72 /* detail_food_line.png */; };
		A385E71F1E72E1C5005B493C /* DrinkViewController.swift in Sources */ = {isa = PBXBuildFile; fileRef = A385E71D1E72E1C5005B493C /* DrinkViewController.swift */; };
		A385E7201E72E1C5005B493C /* DrinkViewController.xib in Resources */ = {isa = PBXBuildFile; fileRef = A385E71E1E72E1C5005B493C /* DrinkViewController.xib */; };
		A385E7241E72E8D7005B493C /* drink_clock_bg.png in Resources */ = {isa = PBXBuildFile; fileRef = A385E7231E72E8D7005B493C /* drink_clock_bg.png */; };
		A385E7341E731274005B493C /* Group 14.png in Resources */ = {isa = PBXBuildFile; fileRef = A385E7331E731274005B493C /* Group 14.png */; };
		A385E7561E732C8C005B493C /* drink_hour.png in Resources */ = {isa = PBXBuildFile; fileRef = A385E7531E732C8C005B493C /* drink_hour.png */; };
		A385E7571E732C8C005B493C /* drink_minute.png in Resources */ = {isa = PBXBuildFile; fileRef = A385E7541E732C8C005B493C /* drink_minute.png */; };
		A385E7581E732C8C005B493C /* drink_sec.png in Resources */ = {isa = PBXBuildFile; fileRef = A385E7551E732C8C005B493C /* drink_sec.png */; };
		A385E7611E733C36005B493C /* AlarmApplicationDelegate.swift in Sources */ = {isa = PBXBuildFile; fileRef = A385E7591E733C36005B493C /* AlarmApplicationDelegate.swift */; };
		A385E7621E733C36005B493C /* AlarmModel.swift in Sources */ = {isa = PBXBuildFile; fileRef = A385E75A1E733C36005B493C /* AlarmModel.swift */; };
		A385E7631E733C36005B493C /* AlarmSchedulerDelegate.swift in Sources */ = {isa = PBXBuildFile; fileRef = A385E75B1E733C36005B493C /* AlarmSchedulerDelegate.swift */; };
		A385E7641E733C36005B493C /* Identifier.swift in Sources */ = {isa = PBXBuildFile; fileRef = A385E75C1E733C36005B493C /* Identifier.swift */; };
		A385E7651E733C36005B493C /* Persistable.swift in Sources */ = {isa = PBXBuildFile; fileRef = A385E75D1E733C36005B493C /* Persistable.swift */; };
		A385E7661E733C36005B493C /* PropertyReflectable.swift in Sources */ = {isa = PBXBuildFile; fileRef = A385E75E1E733C36005B493C /* PropertyReflectable.swift */; };
		A385E7671E733C36005B493C /* Scheduler.swift in Sources */ = {isa = PBXBuildFile; fileRef = A385E75F1E733C36005B493C /* Scheduler.swift */; };
		A385E7681E733C36005B493C /* SegueInfo.swift in Sources */ = {isa = PBXBuildFile; fileRef = A385E7601E733C36005B493C /* SegueInfo.swift */; };
		A385E76B1E733C50005B493C /* APIModel.swift in Sources */ = {isa = PBXBuildFile; fileRef = A385E76A1E733C50005B493C /* APIModel.swift */; };
		A385E76F1E733C69005B493C /* NeckExcerciseViewController.swift in Sources */ = {isa = PBXBuildFile; fileRef = A385E76D1E733C69005B493C /* NeckExcerciseViewController.swift */; };
		A385E7701E733C69005B493C /* NeckExcerciseViewController.xib in Resources */ = {isa = PBXBuildFile; fileRef = A385E76E1E733C69005B493C /* NeckExcerciseViewController.xib */; };
		A391454E1E737C2000A2EB4E /* eat_background.png in Resources */ = {isa = PBXBuildFile; fileRef = A39145451E737C2000A2EB4E /* eat_background.png */; };
		A391454F1E737C2000A2EB4E /* eatclock.png in Resources */ = {isa = PBXBuildFile; fileRef = A39145461E737C2000A2EB4E /* eatclock.png */; };
		A39145501E737C2000A2EB4E /* eatmain.png in Resources */ = {isa = PBXBuildFile; fileRef = A39145471E737C2000A2EB4E /* eatmain.png */; };
		A39145511E737C2000A2EB4E /* exclock.png in Resources */ = {isa = PBXBuildFile; fileRef = A39145481E737C2000A2EB4E /* exclock.png */; };
		A39145521E737C2000A2EB4E /* favorite_eat_bg.png in Resources */ = {isa = PBXBuildFile; fileRef = A39145491E737C2000A2EB4E /* favorite_eat_bg.png */; };
		A39145531E737C2000A2EB4E /* favorite_ex_bg.png in Resources */ = {isa = PBXBuildFile; fileRef = A391454A1E737C2000A2EB4E /* favorite_ex_bg.png */; };
		A39145551E737C2700A2EB4E /* register.png in Resources */ = {isa = PBXBuildFile; fileRef = A39145541E737C2700A2EB4E /* register.png */; };
		A391455D1E73959B00A2EB4E /* ExFavouriteViewController.swift in Sources */ = {isa = PBXBuildFile; fileRef = A391455B1E73959B00A2EB4E /* ExFavouriteViewController.swift */; };
		A391455E1E73959B00A2EB4E /* ExFavouriteViewController.xib in Resources */ = {isa = PBXBuildFile; fileRef = A391455C1E73959B00A2EB4E /* ExFavouriteViewController.xib */; };
		A39145611E7396B900A2EB4E /* fav_eat_logo.png in Resources */ = {isa = PBXBuildFile; fileRef = A391455F1E7396B900A2EB4E /* fav_eat_logo.png */; };
		A39145621E7396B900A2EB4E /* fav_ex_logo.png in Resources */ = {isa = PBXBuildFile; fileRef = A39145601E7396B900A2EB4E /* fav_ex_logo.png */; };
		A39145671E7398F100A2EB4E /* FavoriteExTableViewCell.swift in Sources */ = {isa = PBXBuildFile; fileRef = A39145651E7398F100A2EB4E /* FavoriteExTableViewCell.swift */; };
		A39145681E7398F100A2EB4E /* FavoriteExTableViewCell.xib in Resources */ = {isa = PBXBuildFile; fileRef = A39145661E7398F100A2EB4E /* FavoriteExTableViewCell.xib */; };
		A391456A1E739A3900A2EB4E /* btn_play.png in Resources */ = {isa = PBXBuildFile; fileRef = A39145691E739A3900A2EB4E /* btn_play.png */; };
		A39145711E73AAF100A2EB4E /* EatFavouriteViewController.swift in Sources */ = {isa = PBXBuildFile; fileRef = A391456F1E73AAF100A2EB4E /* EatFavouriteViewController.swift */; };
		A39145721E73AAF100A2EB4E /* EatFavouriteViewController.xib in Resources */ = {isa = PBXBuildFile; fileRef = A39145701E73AAF100A2EB4E /* EatFavouriteViewController.xib */; };
		A39145761E73ACBB00A2EB4E /* FavEatCollectionViewCell.swift in Sources */ = {isa = PBXBuildFile; fileRef = A39145741E73ACBB00A2EB4E /* FavEatCollectionViewCell.swift */; };
		A39145771E73ACBB00A2EB4E /* FavEatCollectionViewCell.xib in Resources */ = {isa = PBXBuildFile; fileRef = A39145751E73ACBB00A2EB4E /* FavEatCollectionViewCell.xib */; };
		A391457C1E73B2E900A2EB4E /* FavouritesViewController.swift in Sources */ = {isa = PBXBuildFile; fileRef = A391457A1E73B2E900A2EB4E /* FavouritesViewController.swift */; };
		A39145811E73C63200A2EB4E /* SalutationPopUp.swift in Sources */ = {isa = PBXBuildFile; fileRef = A391457F1E73C63200A2EB4E /* SalutationPopUp.swift */; };
		A39145821E73C63200A2EB4E /* SalutationPopUp.xib in Resources */ = {isa = PBXBuildFile; fileRef = A39145801E73C63200A2EB4E /* SalutationPopUp.xib */; };
		A391458C1E73D28400A2EB4E /* icon-add1.png in Resources */ = {isa = PBXBuildFile; fileRef = A391458B1E73D28400A2EB4E /* icon-add1.png */; };
		A39145901E73E45500A2EB4E /* background.png in Resources */ = {isa = PBXBuildFile; fileRef = A391458F1E73E45500A2EB4E /* background.png */; };
		A39145921E73E49D00A2EB4E /* drink_bg.png in Resources */ = {isa = PBXBuildFile; fileRef = A39145911E73E49D00A2EB4E /* drink_bg.png */; };
		A3929D161E6C71110093403E /* food_background.png in Resources */ = {isa = PBXBuildFile; fileRef = A3929D151E6C71110093403E /* food_background.png */; };
		A3929D1A1E6C72230093403E /* food_line.png in Resources */ = {isa = PBXBuildFile; fileRef = A3929D181E6C72230093403E /* food_line.png */; };
		A3929D1C1E6C73340093403E /* food_cake.png in Resources */ = {isa = PBXBuildFile; fileRef = A3929D1B1E6C73340093403E /* food_cake.png */; };
		A3ADCB7A1E71CAA20083EF20 /* ReminderViewController.swift in Sources */ = {isa = PBXBuildFile; fileRef = A3ADCB791E71CAA20083EF20 /* ReminderViewController.swift */; };
		A3ADCB7C1E71CABE0083EF20 /* RepeatViewController.swift in Sources */ = {isa = PBXBuildFile; fileRef = A3ADCB7B1E71CABE0083EF20 /* RepeatViewController.swift */; };
		A3ADCB7F1E71CAC70083EF20 /* MainAlarmViewController.swift in Sources */ = {isa = PBXBuildFile; fileRef = A3ADCB7E1E71CAC70083EF20 /* MainAlarmViewController.swift */; };
		A3ADCB921E71CBBA0083EF20 /* SettingViewController.swift in Sources */ = {isa = PBXBuildFile; fileRef = A3ADCB911E71CBBA0083EF20 /* SettingViewController.swift */; };
		A3B93AF11E74DDB100386694 /* DetailFood.swift in Sources */ = {isa = PBXBuildFile; fileRef = A3B93AF01E74DDB100386694 /* DetailFood.swift */; };
		A3C87F611E696C0A00141702 /* FoodViewController.swift in Sources */ = {isa = PBXBuildFile; fileRef = A3C87F601E696C0A00141702 /* FoodViewController.swift */; };
		A3C87F631E69734500141702 /* menu_white.png in Resources */ = {isa = PBXBuildFile; fileRef = A3C87F621E69734500141702 /* menu_white.png */; };
		A3C87F651E6974A400141702 /* main_background.png in Resources */ = {isa = PBXBuildFile; fileRef = A3C87F641E6974A400141702 /* main_background.png */; };
		A3E470011E71D66D00C2C7F1 /* bell.mp3 in Resources */ = {isa = PBXBuildFile; fileRef = A3E470001E71D66D00C2C7F1 /* bell.mp3 */; };
		A3EC763D1E679C29006FB57B /* AppDelegate.swift in Sources */ = {isa = PBXBuildFile; fileRef = A3EC763C1E679C29006FB57B /* AppDelegate.swift */; };
		A3EC76421E679C29006FB57B /* Main.storyboard in Resources */ = {isa = PBXBuildFile; fileRef = A3EC76401E679C29006FB57B /* Main.storyboard */; };
		A3EC76441E679C29006FB57B /* Assets.xcassets in Resources */ = {isa = PBXBuildFile; fileRef = A3EC76431E679C29006FB57B /* Assets.xcassets */; };
		A3EC76471E679C29006FB57B /* LaunchScreen.storyboard in Resources */ = {isa = PBXBuildFile; fileRef = A3EC76451E679C29006FB57B /* LaunchScreen.storyboard */; };
		A3EC76501E67A04A006FB57B /* BasedViewController.swift in Sources */ = {isa = PBXBuildFile; fileRef = A3EC764F1E67A04A006FB57B /* BasedViewController.swift */; };
		A3EC76521E67A1B5006FB57B /* BasedTableViewController.swift in Sources */ = {isa = PBXBuildFile; fileRef = A3EC76511E67A1B5006FB57B /* BasedTableViewController.swift */; };
		A3EC76631E67A86A006FB57B /* Dictionary.swift in Sources */ = {isa = PBXBuildFile; fileRef = A3EC765B1E67A86A006FB57B /* Dictionary.swift */; };
		A3EC76641E67A86A006FB57B /* NSDate.swift in Sources */ = {isa = PBXBuildFile; fileRef = A3EC765C1E67A86A006FB57B /* NSDate.swift */; };
		A3EC76651E67A86A006FB57B /* String.swift in Sources */ = {isa = PBXBuildFile; fileRef = A3EC765D1E67A86A006FB57B /* String.swift */; };
		A3EC76661E67A86A006FB57B /* UIColor.swift in Sources */ = {isa = PBXBuildFile; fileRef = A3EC765E1E67A86A006FB57B /* UIColor.swift */; };
		A3EC76671E67A86A006FB57B /* UITextField.swift in Sources */ = {isa = PBXBuildFile; fileRef = A3EC765F1E67A86A006FB57B /* UITextField.swift */; };
		A3EC76681E67A86A006FB57B /* UIView.swift in Sources */ = {isa = PBXBuildFile; fileRef = A3EC76601E67A86A006FB57B /* UIView.swift */; };
		A3EC76691E67A86A006FB57B /* UIViewController.swift in Sources */ = {isa = PBXBuildFile; fileRef = A3EC76611E67A86A006FB57B /* UIViewController.swift */; };
		A3EC766A1E67A86A006FB57B /* Utilities.swift in Sources */ = {isa = PBXBuildFile; fileRef = A3EC76621E67A86A006FB57B /* Utilities.swift */; };
		A3EC76841E67D05E006FB57B /* next.png in Resources */ = {isa = PBXBuildFile; fileRef = A3EC76831E67D05E006FB57B /* next.png */; };
		A3EC76961E67D570006FB57B /* btn_back.png in Resources */ = {isa = PBXBuildFile; fileRef = A3EC76951E67D570006FB57B /* btn_back.png */; };
		A3F194341E67F05000BD9F99 /* Info.plist in Resources */ = {isa = PBXBuildFile; fileRef = A3F194311E67F05000BD9F99 /* Info.plist */; };
		A3F194351E67F05000BD9F99 /* SlideMenuController.swift in Sources */ = {isa = PBXBuildFile; fileRef = A3F194321E67F05000BD9F99 /* SlideMenuController.swift */; };
		A3F2BFA61E67E2CE00DAAE3F /* logo.png in Resources */ = {isa = PBXBuildFile; fileRef = A3F2BFA51E67E2CE00DAAE3F /* logo.png */; };
		A3F2BFA91E67E56900DAAE3F /* btn_fb.png in Resources */ = {isa = PBXBuildFile; fileRef = A3F2BFA71E67E56900DAAE3F /* btn_fb.png */; };
		A3F2BFAA1E67E56900DAAE3F /* btn_google.png in Resources */ = {isa = PBXBuildFile; fileRef = A3F2BFA81E67E56900DAAE3F /* btn_google.png */; };
		A3F2BFAC1E67E7E900DAAE3F /* menu_logo.png in Resources */ = {isa = PBXBuildFile; fileRef = A3F2BFAB1E67E7E900DAAE3F /* menu_logo.png */; };
		A3F2BFAF1E67E8C100DAAE3F /* LeftMenuViewController.swift in Sources */ = {isa = PBXBuildFile; fileRef = A3F2BFAE1E67E8C100DAAE3F /* LeftMenuViewController.swift */; };
		A3F2BFB21E67EBB000DAAE3F /* LoginViewController.swift in Sources */ = {isa = PBXBuildFile; fileRef = A3F2BFB11E67EBB000DAAE3F /* LoginViewController.swift */; };
/* End PBXBuildFile section */

/* Begin PBXFileReference section */
		1E2CD94AB9AD418DAB5DF6D2 /* Pods-HealthCare.release.xcconfig */ = {isa = PBXFileReference; includeInIndex = 1; lastKnownFileType = text.xcconfig; name = "Pods-HealthCare.release.xcconfig"; path = "Pods/Target Support Files/Pods-HealthCare/Pods-HealthCare.release.xcconfig"; sourceTree = "<group>"; };
		6177DAB71E73797C00890BFB /* ExerciseCategory.swift */ = {isa = PBXFileReference; fileEncoding = 4; lastKnownFileType = sourcecode.swift; path = ExerciseCategory.swift; sourceTree = "<group>"; };
		6177DAB91E7379F900890BFB /* Exercise.swift */ = {isa = PBXFileReference; fileEncoding = 4; lastKnownFileType = sourcecode.swift; path = Exercise.swift; sourceTree = "<group>"; };
		6177DABB1E73CFB000890BFB /* EatCategory.swift */ = {isa = PBXFileReference; fileEncoding = 4; lastKnownFileType = sourcecode.swift; path = EatCategory.swift; sourceTree = "<group>"; };
		6177DABD1E73CFCE00890BFB /* Eat.swift */ = {isa = PBXFileReference; fileEncoding = 4; lastKnownFileType = sourcecode.swift; path = Eat.swift; sourceTree = "<group>"; };
		6177DABF1E73D93300890BFB /* detailex_bg.png */ = {isa = PBXFileReference; lastKnownFileType = image.png; path = detailex_bg.png; sourceTree = "<group>"; };
		61AB25F41E71A57000F5B4B2 /* MainViewController.swift */ = {isa = PBXFileReference; fileEncoding = 4; lastKnownFileType = sourcecode.swift; path = MainViewController.swift; sourceTree = "<group>"; };
		61AB25F51E71A57000F5B4B2 /* MainViewController.xib */ = {isa = PBXFileReference; fileEncoding = 4; lastKnownFileType = file.xib; path = MainViewController.xib; sourceTree = "<group>"; };
		61AB25FA1E71A57900F5B4B2 /* ExcercisCell.swift */ = {isa = PBXFileReference; fileEncoding = 4; lastKnownFileType = sourcecode.swift; path = ExcercisCell.swift; sourceTree = "<group>"; };
		61AB25FB1E71A57900F5B4B2 /* ExcercisCell.xib */ = {isa = PBXFileReference; fileEncoding = 4; lastKnownFileType = file.xib; path = ExcercisCell.xib; sourceTree = "<group>"; };
		61AB25FD1E71A57900F5B4B2 /* SliderTableViewCell.swift */ = {isa = PBXFileReference; fileEncoding = 4; lastKnownFileType = sourcecode.swift; path = SliderTableViewCell.swift; sourceTree = "<group>"; };
		61AB25FE1E71A57900F5B4B2 /* SliderTableViewCell.xib */ = {isa = PBXFileReference; fileEncoding = 4; lastKnownFileType = file.xib; path = SliderTableViewCell.xib; sourceTree = "<group>"; };
		61AB26001E71A57900F5B4B2 /* ExcercisSeeAllVC.swift */ = {isa = PBXFileReference; fileEncoding = 4; lastKnownFileType = sourcecode.swift; path = ExcercisSeeAllVC.swift; sourceTree = "<group>"; };
		61AB26011E71A57900F5B4B2 /* ExcercisSeeAllVC.xib */ = {isa = PBXFileReference; fileEncoding = 4; lastKnownFileType = file.xib; path = ExcercisSeeAllVC.xib; sourceTree = "<group>"; };
		61AB26021E71A57900F5B4B2 /* ExcercisViewController.swift */ = {isa = PBXFileReference; fileEncoding = 4; lastKnownFileType = sourcecode.swift; path = ExcercisViewController.swift; sourceTree = "<group>"; };
		61AB26031E71A57900F5B4B2 /* ExcercisViewController.xib */ = {isa = PBXFileReference; fileEncoding = 4; lastKnownFileType = file.xib; path = ExcercisViewController.xib; sourceTree = "<group>"; };
		61AB260D1E71A59400F5B4B2 /* Constants.swift */ = {isa = PBXFileReference; fileEncoding = 4; lastKnownFileType = sourcecode.swift; path = Constants.swift; sourceTree = "<group>"; };
		61AB26101E71A5A300F5B4B2 /* UTM-Neo-Sans-Intel.ttf */ = {isa = PBXFileReference; lastKnownFileType = file; path = "UTM-Neo-Sans-Intel.ttf"; sourceTree = "<group>"; };
		61AB26111E71A5A300F5B4B2 /* UTM-Neo-Sans-IntelBold.ttf */ = {isa = PBXFileReference; lastKnownFileType = file; path = "UTM-Neo-Sans-IntelBold.ttf"; sourceTree = "<group>"; };
		61AB26121E71A5A300F5B4B2 /* UTM-Neo-Sans-IntelBold_Italic.ttf */ = {isa = PBXFileReference; lastKnownFileType = file; path = "UTM-Neo-Sans-IntelBold_Italic.ttf"; sourceTree = "<group>"; };
		61AB26171E71A98000F5B4B2 /* ExcercisSeeAllCell.swift */ = {isa = PBXFileReference; fileEncoding = 4; lastKnownFileType = sourcecode.swift; path = ExcercisSeeAllCell.swift; sourceTree = "<group>"; };
		61AB26181E71A98000F5B4B2 /* ExcercisSeeAllCell.xib */ = {isa = PBXFileReference; fileEncoding = 4; lastKnownFileType = file.xib; path = ExcercisSeeAllCell.xib; sourceTree = "<group>"; };
		61AB261C1E71B2E600F5B4B2 /* PlayingView.swift */ = {isa = PBXFileReference; fileEncoding = 4; lastKnownFileType = sourcecode.swift; path = PlayingView.swift; sourceTree = "<group>"; };
		61AB261D1E71B2E600F5B4B2 /* PlayingView.xib */ = {isa = PBXFileReference; fileEncoding = 4; lastKnownFileType = file.xib; path = PlayingView.xib; sourceTree = "<group>"; };
		61DBCE4D1E74CA8500E6E669 /* ExcercisCell1.xib */ = {isa = PBXFileReference; fileEncoding = 4; lastKnownFileType = file.xib; path = ExcercisCell1.xib; sourceTree = "<group>"; };
		61DBCE501E74D75D00E6E669 /* IntroPage.xib */ = {isa = PBXFileReference; fileEncoding = 4; lastKnownFileType = file.xib; path = IntroPage.xib; sourceTree = "<group>"; };
		61DBCE521E74E8FA00E6E669 /* nodata_icon.png */ = {isa = PBXFileReference; lastKnownFileType = image.png; path = nodata_icon.png; sourceTree = "<group>"; };
		78BB75B01D5983B960F25346 /* Pods-HealthCare.debug.xcconfig */ = {isa = PBXFileReference; includeInIndex = 1; lastKnownFileType = text.xcconfig; name = "Pods-HealthCare.debug.xcconfig"; path = "Pods/Target Support Files/Pods-HealthCare/Pods-HealthCare.debug.xcconfig"; sourceTree = "<group>"; };
		951430F24416B1E0A9807946 /* Pods_HealthCare.framework */ = {isa = PBXFileReference; explicitFileType = wrapper.framework; includeInIndex = 0; path = Pods_HealthCare.framework; sourceTree = BUILT_PRODUCTS_DIR; };
		A32794DE1E741F8B00053968 /* eat_bg.png */ = {isa = PBXFileReference; lastKnownFileType = image.png; path = eat_bg.png; sourceTree = "<group>"; };
		A32794E21E74287300053968 /* icon_loved.png */ = {isa = PBXFileReference; lastKnownFileType = image.png; path = icon_loved.png; sourceTree = "<group>"; };
		A32794E41E7428CF00053968 /* Somatic-Rounded.otf */ = {isa = PBXFileReference; lastKnownFileType = file; path = "Somatic-Rounded.otf"; sourceTree = "<group>"; };
		A32794EA1E742C9300053968 /* nodata_bg.png */ = {isa = PBXFileReference; lastKnownFileType = image.png; path = nodata_bg.png; sourceTree = "<group>"; };
		A32794ED1E742D6000053968 /* NoDataViewController.swift */ = {isa = PBXFileReference; fileEncoding = 4; lastKnownFileType = sourcecode.swift; name = NoDataViewController.swift; path = MVC/Controller/NoData/NoDataViewController.swift; sourceTree = "<group>"; };
		A32794F01E743D6F00053968 /* icon-delete.png */ = {isa = PBXFileReference; lastKnownFileType = image.png; path = "icon-delete.png"; sourceTree = "<group>"; };
		A32794F41E74434200053968 /* FavouriteTabBarCell.swift */ = {isa = PBXFileReference; fileEncoding = 4; lastKnownFileType = sourcecode.swift; name = FavouriteTabBarCell.swift; path = MVC/Controller/Favourite/CusttomButtonTabBarCell/FavouriteTabBarCell.swift; sourceTree = "<group>"; };
		A32794F51E74434200053968 /* FavouriteTabBarCell.xib */ = {isa = PBXFileReference; fileEncoding = 4; lastKnownFileType = file.xib; name = FavouriteTabBarCell.xib; path = MVC/Controller/Favourite/CusttomButtonTabBarCell/FavouriteTabBarCell.xib; sourceTree = "<group>"; };
		A32794FA1E744D5C00053968 /* icon_loved.png */ = {isa = PBXFileReference; lastKnownFileType = image.png; path = icon_loved.png; sourceTree = "<group>"; };
		A342FB261E6DC7ED00FD822C /* NotificationViewController.swift */ = {isa = PBXFileReference; fileEncoding = 4; lastKnownFileType = sourcecode.swift; name = NotificationViewController.swift; path = MVC/Controller/Notifi/NotificationViewController.swift; sourceTree = "<group>"; };
		A342FB291E6DCA7F00FD822C /* DetailFoodViewController.swift */ = {isa = PBXFileReference; fileEncoding = 4; lastKnownFileType = sourcecode.swift; name = DetailFoodViewController.swift; path = MVC/Controller/DetailFood/DetailFoodViewController.swift; sourceTree = "<group>"; };
		A356ACBB1E68670500716B68 /* menu.png */ = {isa = PBXFileReference; lastKnownFileType = image.png; path = menu.png; sourceTree = "<group>"; };
		A356ACBD1E686F8900716B68 /* BasedCollectionViewController.swift */ = {isa = PBXFileReference; fileEncoding = 4; lastKnownFileType = sourcecode.swift; name = BasedCollectionViewController.swift; path = BasedViewController/BasedCollectionViewController.swift; sourceTree = "<group>"; };
		A356ACC01E68704A00716B68 /* EatViewController.swift */ = {isa = PBXFileReference; fileEncoding = 4; lastKnownFileType = sourcecode.swift; name = EatViewController.swift; path = MVC/Controller/Eat/EatViewController.swift; sourceTree = "<group>"; };
		A356ACC21E68731F00716B68 /* lunch_0.png */ = {isa = PBXFileReference; lastKnownFileType = image.png; path = lunch_0.png; sourceTree = "<group>"; };
		A356ACC31E68731F00716B68 /* lunch_1.png */ = {isa = PBXFileReference; lastKnownFileType = image.png; path = lunch_1.png; sourceTree = "<group>"; };
		A356ACC41E68731F00716B68 /* lunch_2.png */ = {isa = PBXFileReference; lastKnownFileType = image.png; path = lunch_2.png; sourceTree = "<group>"; };
		A356ACC81E68732800716B68 /* dinner_0.png */ = {isa = PBXFileReference; lastKnownFileType = image.png; path = dinner_0.png; sourceTree = "<group>"; };
		A356ACC91E68732800716B68 /* dinner_1.png */ = {isa = PBXFileReference; lastKnownFileType = image.png; path = dinner_1.png; sourceTree = "<group>"; };
		A356ACCA1E68732800716B68 /* dinner_2.png */ = {isa = PBXFileReference; lastKnownFileType = image.png; path = dinner_2.png; sourceTree = "<group>"; };
		A356ACD01E68A03200716B68 /* GoogleService-Info.plist */ = {isa = PBXFileReference; fileEncoding = 4; lastKnownFileType = text.plist.xml; path = "GoogleService-Info.plist"; sourceTree = "<group>"; };
		A356ACD21E68ACDE00716B68 /* HealthCare.entitlements */ = {isa = PBXFileReference; lastKnownFileType = text.plist.entitlements; path = HealthCare.entitlements; sourceTree = "<group>"; };
		A369E3F01E73EB07007A3D72 /* icon_love.png */ = {isa = PBXFileReference; lastKnownFileType = image.png; path = icon_love.png; sourceTree = "<group>"; };
		A369E3F21E73F4F7007A3D72 /* a5fa97aef368df714b8ed7faac85a379.png */ = {isa = PBXFileReference; lastKnownFileType = image.png; path = a5fa97aef368df714b8ed7faac85a379.png; sourceTree = "<group>"; };
		A369E3F61E73F76A007A3D72 /* detail_food_line.png */ = {isa = PBXFileReference; lastKnownFileType = image.png; path = detail_food_line.png; sourceTree = "<group>"; };
		A385E71D1E72E1C5005B493C /* DrinkViewController.swift */ = {isa = PBXFileReference; fileEncoding = 4; lastKnownFileType = sourcecode.swift; name = DrinkViewController.swift; path = MVC/Controller/Drink/DrinkViewController.swift; sourceTree = "<group>"; };
		A385E71E1E72E1C5005B493C /* DrinkViewController.xib */ = {isa = PBXFileReference; fileEncoding = 4; lastKnownFileType = file.xib; name = DrinkViewController.xib; path = MVC/Controller/Drink/DrinkViewController.xib; sourceTree = "<group>"; };
		A385E7231E72E8D7005B493C /* drink_clock_bg.png */ = {isa = PBXFileReference; lastKnownFileType = image.png; path = drink_clock_bg.png; sourceTree = "<group>"; };
		A385E7331E731274005B493C /* Group 14.png */ = {isa = PBXFileReference; lastKnownFileType = image.png; path = "Group 14.png"; sourceTree = "<group>"; };
		A385E7531E732C8C005B493C /* drink_hour.png */ = {isa = PBXFileReference; lastKnownFileType = image.png; path = drink_hour.png; sourceTree = "<group>"; };
		A385E7541E732C8C005B493C /* drink_minute.png */ = {isa = PBXFileReference; lastKnownFileType = image.png; path = drink_minute.png; sourceTree = "<group>"; };
		A385E7551E732C8C005B493C /* drink_sec.png */ = {isa = PBXFileReference; lastKnownFileType = image.png; path = drink_sec.png; sourceTree = "<group>"; };
		A385E7591E733C36005B493C /* AlarmApplicationDelegate.swift */ = {isa = PBXFileReference; fileEncoding = 4; lastKnownFileType = sourcecode.swift; name = AlarmApplicationDelegate.swift; path = Alarm/AlarmApplicationDelegate.swift; sourceTree = "<group>"; };
		A385E75A1E733C36005B493C /* AlarmModel.swift */ = {isa = PBXFileReference; fileEncoding = 4; lastKnownFileType = sourcecode.swift; name = AlarmModel.swift; path = Alarm/AlarmModel.swift; sourceTree = "<group>"; };
		A385E75B1E733C36005B493C /* AlarmSchedulerDelegate.swift */ = {isa = PBXFileReference; fileEncoding = 4; lastKnownFileType = sourcecode.swift; name = AlarmSchedulerDelegate.swift; path = Alarm/AlarmSchedulerDelegate.swift; sourceTree = "<group>"; };
		A385E75C1E733C36005B493C /* Identifier.swift */ = {isa = PBXFileReference; fileEncoding = 4; lastKnownFileType = sourcecode.swift; name = Identifier.swift; path = Alarm/Identifier.swift; sourceTree = "<group>"; };
		A385E75D1E733C36005B493C /* Persistable.swift */ = {isa = PBXFileReference; fileEncoding = 4; lastKnownFileType = sourcecode.swift; name = Persistable.swift; path = Alarm/Persistable.swift; sourceTree = "<group>"; };
		A385E75E1E733C36005B493C /* PropertyReflectable.swift */ = {isa = PBXFileReference; fileEncoding = 4; lastKnownFileType = sourcecode.swift; name = PropertyReflectable.swift; path = Alarm/PropertyReflectable.swift; sourceTree = "<group>"; };
		A385E75F1E733C36005B493C /* Scheduler.swift */ = {isa = PBXFileReference; fileEncoding = 4; lastKnownFileType = sourcecode.swift; name = Scheduler.swift; path = Alarm/Scheduler.swift; sourceTree = "<group>"; };
		A385E7601E733C36005B493C /* SegueInfo.swift */ = {isa = PBXFileReference; fileEncoding = 4; lastKnownFileType = sourcecode.swift; name = SegueInfo.swift; path = Alarm/SegueInfo.swift; sourceTree = "<group>"; };
		A385E76A1E733C50005B493C /* APIModel.swift */ = {isa = PBXFileReference; fileEncoding = 4; lastKnownFileType = sourcecode.swift; path = APIModel.swift; sourceTree = "<group>"; };
		A385E76D1E733C69005B493C /* NeckExcerciseViewController.swift */ = {isa = PBXFileReference; fileEncoding = 4; lastKnownFileType = sourcecode.swift; path = NeckExcerciseViewController.swift; sourceTree = "<group>"; };
		A385E76E1E733C69005B493C /* NeckExcerciseViewController.xib */ = {isa = PBXFileReference; fileEncoding = 4; lastKnownFileType = file.xib; path = NeckExcerciseViewController.xib; sourceTree = "<group>"; };
		A39145451E737C2000A2EB4E /* eat_background.png */ = {isa = PBXFileReference; lastKnownFileType = image.png; path = eat_background.png; sourceTree = "<group>"; };
		A39145461E737C2000A2EB4E /* eatclock.png */ = {isa = PBXFileReference; lastKnownFileType = image.png; path = eatclock.png; sourceTree = "<group>"; };
		A39145471E737C2000A2EB4E /* eatmain.png */ = {isa = PBXFileReference; lastKnownFileType = image.png; path = eatmain.png; sourceTree = "<group>"; };
		A39145481E737C2000A2EB4E /* exclock.png */ = {isa = PBXFileReference; lastKnownFileType = image.png; path = exclock.png; sourceTree = "<group>"; };
		A39145491E737C2000A2EB4E /* favorite_eat_bg.png */ = {isa = PBXFileReference; lastKnownFileType = image.png; path = favorite_eat_bg.png; sourceTree = "<group>"; };
		A391454A1E737C2000A2EB4E /* favorite_ex_bg.png */ = {isa = PBXFileReference; lastKnownFileType = image.png; path = favorite_ex_bg.png; sourceTree = "<group>"; };
		A39145541E737C2700A2EB4E /* register.png */ = {isa = PBXFileReference; lastKnownFileType = image.png; path = register.png; sourceTree = "<group>"; };
		A391455B1E73959B00A2EB4E /* ExFavouriteViewController.swift */ = {isa = PBXFileReference; fileEncoding = 4; lastKnownFileType = sourcecode.swift; name = ExFavouriteViewController.swift; path = MVC/Controller/Favourite/Exercise/ExFavouriteViewController.swift; sourceTree = "<group>"; };
		A391455C1E73959B00A2EB4E /* ExFavouriteViewController.xib */ = {isa = PBXFileReference; fileEncoding = 4; lastKnownFileType = file.xib; name = ExFavouriteViewController.xib; path = MVC/Controller/Favourite/Exercise/ExFavouriteViewController.xib; sourceTree = "<group>"; };
		A391455F1E7396B900A2EB4E /* fav_eat_logo.png */ = {isa = PBXFileReference; lastKnownFileType = image.png; path = fav_eat_logo.png; sourceTree = "<group>"; };
		A39145601E7396B900A2EB4E /* fav_ex_logo.png */ = {isa = PBXFileReference; lastKnownFileType = image.png; path = fav_ex_logo.png; sourceTree = "<group>"; };
		A39145651E7398F100A2EB4E /* FavoriteExTableViewCell.swift */ = {isa = PBXFileReference; fileEncoding = 4; lastKnownFileType = sourcecode.swift; name = FavoriteExTableViewCell.swift; path = CustomCell/FavExCell/FavoriteExTableViewCell.swift; sourceTree = "<group>"; };
		A39145661E7398F100A2EB4E /* FavoriteExTableViewCell.xib */ = {isa = PBXFileReference; fileEncoding = 4; lastKnownFileType = file.xib; name = FavoriteExTableViewCell.xib; path = CustomCell/FavExCell/FavoriteExTableViewCell.xib; sourceTree = "<group>"; };
		A39145691E739A3900A2EB4E /* btn_play.png */ = {isa = PBXFileReference; lastKnownFileType = image.png; path = btn_play.png; sourceTree = "<group>"; };
		A391456F1E73AAF100A2EB4E /* EatFavouriteViewController.swift */ = {isa = PBXFileReference; fileEncoding = 4; lastKnownFileType = sourcecode.swift; name = EatFavouriteViewController.swift; path = MVC/Controller/Favourite/Eat/EatFavouriteViewController.swift; sourceTree = "<group>"; };
		A39145701E73AAF100A2EB4E /* EatFavouriteViewController.xib */ = {isa = PBXFileReference; fileEncoding = 4; lastKnownFileType = file.xib; name = EatFavouriteViewController.xib; path = MVC/Controller/Favourite/Eat/EatFavouriteViewController.xib; sourceTree = "<group>"; };
		A39145741E73ACBB00A2EB4E /* FavEatCollectionViewCell.swift */ = {isa = PBXFileReference; fileEncoding = 4; lastKnownFileType = sourcecode.swift; name = FavEatCollectionViewCell.swift; path = CustomCell/FavEatCell/FavEatCollectionViewCell.swift; sourceTree = "<group>"; };
		A39145751E73ACBB00A2EB4E /* FavEatCollectionViewCell.xib */ = {isa = PBXFileReference; fileEncoding = 4; lastKnownFileType = file.xib; name = FavEatCollectionViewCell.xib; path = CustomCell/FavEatCell/FavEatCollectionViewCell.xib; sourceTree = "<group>"; };
		A391457A1E73B2E900A2EB4E /* FavouritesViewController.swift */ = {isa = PBXFileReference; fileEncoding = 4; lastKnownFileType = sourcecode.swift; name = FavouritesViewController.swift; path = MVC/Controller/Favourite/FavouritesViewController.swift; sourceTree = "<group>"; };
		A391457F1E73C63200A2EB4E /* SalutationPopUp.swift */ = {isa = PBXFileReference; fileEncoding = 4; lastKnownFileType = sourcecode.swift; path = SalutationPopUp.swift; sourceTree = "<group>"; };
		A39145801E73C63200A2EB4E /* SalutationPopUp.xib */ = {isa = PBXFileReference; fileEncoding = 4; lastKnownFileType = file.xib; path = SalutationPopUp.xib; sourceTree = "<group>"; };
		A391458B1E73D28400A2EB4E /* icon-add1.png */ = {isa = PBXFileReference; lastKnownFileType = image.png; path = "icon-add1.png"; sourceTree = "<group>"; };
		A391458F1E73E45500A2EB4E /* background.png */ = {isa = PBXFileReference; lastKnownFileType = image.png; path = background.png; sourceTree = "<group>"; };
		A39145911E73E49D00A2EB4E /* drink_bg.png */ = {isa = PBXFileReference; lastKnownFileType = image.png; path = drink_bg.png; sourceTree = "<group>"; };
		A3929D151E6C71110093403E /* food_background.png */ = {isa = PBXFileReference; lastKnownFileType = image.png; path = food_background.png; sourceTree = "<group>"; };
		A3929D181E6C72230093403E /* food_line.png */ = {isa = PBXFileReference; lastKnownFileType = image.png; path = food_line.png; sourceTree = "<group>"; };
		A3929D1B1E6C73340093403E /* food_cake.png */ = {isa = PBXFileReference; lastKnownFileType = image.png; path = food_cake.png; sourceTree = "<group>"; };
		A3ADCB791E71CAA20083EF20 /* ReminderViewController.swift */ = {isa = PBXFileReference; fileEncoding = 4; lastKnownFileType = sourcecode.swift; path = ReminderViewController.swift; sourceTree = "<group>"; };
		A3ADCB7B1E71CABE0083EF20 /* RepeatViewController.swift */ = {isa = PBXFileReference; fileEncoding = 4; lastKnownFileType = sourcecode.swift; path = RepeatViewController.swift; sourceTree = "<group>"; };
		A3ADCB7E1E71CAC70083EF20 /* MainAlarmViewController.swift */ = {isa = PBXFileReference; fileEncoding = 4; lastKnownFileType = sourcecode.swift; path = MainAlarmViewController.swift; sourceTree = "<group>"; };
		A3ADCB911E71CBBA0083EF20 /* SettingViewController.swift */ = {isa = PBXFileReference; fileEncoding = 4; lastKnownFileType = sourcecode.swift; path = SettingViewController.swift; sourceTree = "<group>"; };
		A3B93AF01E74DDB100386694 /* DetailFood.swift */ = {isa = PBXFileReference; fileEncoding = 4; lastKnownFileType = sourcecode.swift; path = DetailFood.swift; sourceTree = "<group>"; };
		A3C87F601E696C0A00141702 /* FoodViewController.swift */ = {isa = PBXFileReference; fileEncoding = 4; lastKnownFileType = sourcecode.swift; name = FoodViewController.swift; path = MVC/Controller/Food/FoodViewController.swift; sourceTree = "<group>"; };
		A3C87F621E69734500141702 /* menu_white.png */ = {isa = PBXFileReference; lastKnownFileType = image.png; path = menu_white.png; sourceTree = "<group>"; };
		A3C87F641E6974A400141702 /* main_background.png */ = {isa = PBXFileReference; lastKnownFileType = image.png; path = main_background.png; sourceTree = "<group>"; };
		A3E470001E71D66D00C2C7F1 /* bell.mp3 */ = {isa = PBXFileReference; lastKnownFileType = audio.mp3; path = bell.mp3; sourceTree = "<group>"; };
		A3EC76391E679C29006FB57B /* HealthCare.app */ = {isa = PBXFileReference; explicitFileType = wrapper.application; includeInIndex = 0; path = HealthCare.app; sourceTree = BUILT_PRODUCTS_DIR; };
		A3EC763C1E679C29006FB57B /* AppDelegate.swift */ = {isa = PBXFileReference; lastKnownFileType = sourcecode.swift; path = AppDelegate.swift; sourceTree = "<group>"; };
		A3EC76411E679C29006FB57B /* Base */ = {isa = PBXFileReference; lastKnownFileType = file.storyboard; name = Base; path = Base.lproj/Main.storyboard; sourceTree = "<group>"; };
		A3EC76431E679C29006FB57B /* Assets.xcassets */ = {isa = PBXFileReference; lastKnownFileType = folder.assetcatalog; path = Assets.xcassets; sourceTree = "<group>"; };
		A3EC76461E679C29006FB57B /* Base */ = {isa = PBXFileReference; lastKnownFileType = file.storyboard; name = Base; path = Base.lproj/LaunchScreen.storyboard; sourceTree = "<group>"; };
		A3EC76481E679C29006FB57B /* Info.plist */ = {isa = PBXFileReference; lastKnownFileType = text.plist.xml; path = Info.plist; sourceTree = "<group>"; };
		A3EC764F1E67A04A006FB57B /* BasedViewController.swift */ = {isa = PBXFileReference; fileEncoding = 4; lastKnownFileType = sourcecode.swift; name = BasedViewController.swift; path = BasedViewController/BasedViewController.swift; sourceTree = "<group>"; };
		A3EC76511E67A1B5006FB57B /* BasedTableViewController.swift */ = {isa = PBXFileReference; fileEncoding = 4; lastKnownFileType = sourcecode.swift; name = BasedTableViewController.swift; path = BasedViewController/BasedTableViewController.swift; sourceTree = "<group>"; };
		A3EC765B1E67A86A006FB57B /* Dictionary.swift */ = {isa = PBXFileReference; fileEncoding = 4; lastKnownFileType = sourcecode.swift; path = Dictionary.swift; sourceTree = "<group>"; };
		A3EC765C1E67A86A006FB57B /* NSDate.swift */ = {isa = PBXFileReference; fileEncoding = 4; lastKnownFileType = sourcecode.swift; path = NSDate.swift; sourceTree = "<group>"; };
		A3EC765D1E67A86A006FB57B /* String.swift */ = {isa = PBXFileReference; fileEncoding = 4; lastKnownFileType = sourcecode.swift; path = String.swift; sourceTree = "<group>"; };
		A3EC765E1E67A86A006FB57B /* UIColor.swift */ = {isa = PBXFileReference; fileEncoding = 4; lastKnownFileType = sourcecode.swift; path = UIColor.swift; sourceTree = "<group>"; };
		A3EC765F1E67A86A006FB57B /* UITextField.swift */ = {isa = PBXFileReference; fileEncoding = 4; lastKnownFileType = sourcecode.swift; path = UITextField.swift; sourceTree = "<group>"; };
		A3EC76601E67A86A006FB57B /* UIView.swift */ = {isa = PBXFileReference; fileEncoding = 4; lastKnownFileType = sourcecode.swift; path = UIView.swift; sourceTree = "<group>"; };
		A3EC76611E67A86A006FB57B /* UIViewController.swift */ = {isa = PBXFileReference; fileEncoding = 4; lastKnownFileType = sourcecode.swift; path = UIViewController.swift; sourceTree = "<group>"; };
		A3EC76621E67A86A006FB57B /* Utilities.swift */ = {isa = PBXFileReference; fileEncoding = 4; lastKnownFileType = sourcecode.swift; path = Utilities.swift; sourceTree = "<group>"; };
		A3EC767B1E67B000006FB57B /* HealthCare-Bridging-Header.h */ = {isa = PBXFileReference; lastKnownFileType = sourcecode.c.h; name = "HealthCare-Bridging-Header.h"; path = "Lib/HealthCare-Bridging-Header.h"; sourceTree = "<group>"; };
		A3EC76831E67D05E006FB57B /* next.png */ = {isa = PBXFileReference; lastKnownFileType = image.png; path = next.png; sourceTree = "<group>"; };
		A3EC76951E67D570006FB57B /* btn_back.png */ = {isa = PBXFileReference; lastKnownFileType = image.png; path = btn_back.png; sourceTree = "<group>"; };
		A3F194311E67F05000BD9F99 /* Info.plist */ = {isa = PBXFileReference; fileEncoding = 4; lastKnownFileType = text.plist.xml; path = Info.plist; sourceTree = "<group>"; };
		A3F194321E67F05000BD9F99 /* SlideMenuController.swift */ = {isa = PBXFileReference; fileEncoding = 4; lastKnownFileType = sourcecode.swift; path = SlideMenuController.swift; sourceTree = "<group>"; };
		A3F194331E67F05000BD9F99 /* SlideMenuControllerSwift.h */ = {isa = PBXFileReference; fileEncoding = 4; lastKnownFileType = sourcecode.c.h; path = SlideMenuControllerSwift.h; sourceTree = "<group>"; };
		A3F2BFA51E67E2CE00DAAE3F /* logo.png */ = {isa = PBXFileReference; lastKnownFileType = image.png; path = logo.png; sourceTree = "<group>"; };
		A3F2BFA71E67E56900DAAE3F /* btn_fb.png */ = {isa = PBXFileReference; lastKnownFileType = image.png; path = btn_fb.png; sourceTree = "<group>"; };
		A3F2BFA81E67E56900DAAE3F /* btn_google.png */ = {isa = PBXFileReference; lastKnownFileType = image.png; path = btn_google.png; sourceTree = "<group>"; };
		A3F2BFAB1E67E7E900DAAE3F /* menu_logo.png */ = {isa = PBXFileReference; lastKnownFileType = image.png; path = menu_logo.png; sourceTree = "<group>"; };
		A3F2BFAE1E67E8C100DAAE3F /* LeftMenuViewController.swift */ = {isa = PBXFileReference; fileEncoding = 4; lastKnownFileType = sourcecode.swift; name = LeftMenuViewController.swift; path = MVC/Controller/Menu/LeftMenuViewController.swift; sourceTree = "<group>"; };
		A3F2BFB11E67EBB000DAAE3F /* LoginViewController.swift */ = {isa = PBXFileReference; fileEncoding = 4; lastKnownFileType = sourcecode.swift; name = LoginViewController.swift; path = MVC/Controller/Login/LoginViewController.swift; sourceTree = "<group>"; };
/* End PBXFileReference section */

/* Begin PBXFrameworksBuildPhase section */
		A3EC76361E679C29006FB57B /* Frameworks */ = {
			isa = PBXFrameworksBuildPhase;
			buildActionMask = 2147483647;
			files = (
				0308F974153CC17BC400638C /* Pods_HealthCare.framework in Frameworks */,
			);
			runOnlyForDeploymentPostprocessing = 0;
		};
/* End PBXFrameworksBuildPhase section */

/* Begin PBXGroup section */
		378DA93F285EFF139E5185C5 /* Frameworks */ = {
			isa = PBXGroup;
			children = (
				951430F24416B1E0A9807946 /* Pods_HealthCare.framework */,
			);
			name = Frameworks;
			sourceTree = "<group>";
		};
		6177DAB61E73797400890BFB /* Object */ = {
			isa = PBXGroup;
			children = (
				6177DAB71E73797C00890BFB /* ExerciseCategory.swift */,
				6177DAB91E7379F900890BFB /* Exercise.swift */,
				6177DABB1E73CFB000890BFB /* EatCategory.swift */,
				6177DABD1E73CFCE00890BFB /* Eat.swift */,
				A3B93AF01E74DDB100386694 /* DetailFood.swift */,
			);
			path = Object;
			sourceTree = "<group>";
		};
		61AB25F31E71A57000F5B4B2 /* Main */ = {
			isa = PBXGroup;
			children = (
				61AB25F41E71A57000F5B4B2 /* MainViewController.swift */,
				61AB25F51E71A57000F5B4B2 /* MainViewController.xib */,
			);
			name = Main;
			path = MVC/Controller/Main;
			sourceTree = "<group>";
		};
		61AB25F81E71A57900F5B4B2 /* Excercis */ = {
			isa = PBXGroup;
			children = (
				61AB25F91E71A57900F5B4B2 /* ExcercisCell */,
				A385E76C1E733C69005B493C /* NeckExcercise */,
				61AB25FF1E71A57900F5B4B2 /* ExcercisSeeAll */,
				61AB26021E71A57900F5B4B2 /* ExcercisViewController.swift */,
				61AB26031E71A57900F5B4B2 /* ExcercisViewController.xib */,
			);
			name = Excercis;
			path = MVC/Controller/Excercis;
			sourceTree = "<group>";
		};
		61AB25F91E71A57900F5B4B2 /* ExcercisCell */ = {
			isa = PBXGroup;
			children = (
				61DBCE4D1E74CA8500E6E669 /* ExcercisCell1.xib */,
				61AB25FA1E71A57900F5B4B2 /* ExcercisCell.swift */,
				61AB25FB1E71A57900F5B4B2 /* ExcercisCell.xib */,
				61AB25FC1E71A57900F5B4B2 /* SliderCell */,
			);
			path = ExcercisCell;
			sourceTree = "<group>";
		};
		61AB25FC1E71A57900F5B4B2 /* SliderCell */ = {
			isa = PBXGroup;
			children = (
				61AB25FD1E71A57900F5B4B2 /* SliderTableViewCell.swift */,
				61AB25FE1E71A57900F5B4B2 /* SliderTableViewCell.xib */,
			);
			path = SliderCell;
			sourceTree = "<group>";
		};
		61AB25FF1E71A57900F5B4B2 /* ExcercisSeeAll */ = {
			isa = PBXGroup;
			children = (
				61AB26161E71A93700F5B4B2 /* ExcercisSeeAllCell */,
				61AB26001E71A57900F5B4B2 /* ExcercisSeeAllVC.swift */,
				61AB26011E71A57900F5B4B2 /* ExcercisSeeAllVC.xib */,
			);
			path = ExcercisSeeAll;
			sourceTree = "<group>";
		};
		61AB260C1E71A59400F5B4B2 /* Orther */ = {
			isa = PBXGroup;
			children = (
				61AB260D1E71A59400F5B4B2 /* Constants.swift */,
			);
			path = Orther;
			sourceTree = "<group>";
		};
		61AB260F1E71A5A300F5B4B2 /* font */ = {
			isa = PBXGroup;
			children = (
				A32794E21E74287300053968 /* icon_loved.png */,
				A32794E41E7428CF00053968 /* Somatic-Rounded.otf */,
				61AB26101E71A5A300F5B4B2 /* UTM-Neo-Sans-Intel.ttf */,
				61AB26111E71A5A300F5B4B2 /* UTM-Neo-Sans-IntelBold.ttf */,
				61AB26121E71A5A300F5B4B2 /* UTM-Neo-Sans-IntelBold_Italic.ttf */,
			);
			path = font;
			sourceTree = "<group>";
		};
		61AB26161E71A93700F5B4B2 /* ExcercisSeeAllCell */ = {
			isa = PBXGroup;
			children = (
				61AB26171E71A98000F5B4B2 /* ExcercisSeeAllCell.swift */,
				61AB26181E71A98000F5B4B2 /* ExcercisSeeAllCell.xib */,
			);
			path = ExcercisSeeAllCell;
			sourceTree = "<group>";
		};
		61AB261B1E71B29600F5B4B2 /* View */ = {
			isa = PBXGroup;
			children = (
				A39145631E73989D00A2EB4E /* CustomCell */,
				61AB261C1E71B2E600F5B4B2 /* PlayingView.swift */,
				61AB261D1E71B2E600F5B4B2 /* PlayingView.xib */,
			);
			name = View;
			path = MVC/View;
			sourceTree = "<group>";
		};
		61DBCE4F1E74D75D00E6E669 /* Intro */ = {
			isa = PBXGroup;
			children = (
				61DBCE501E74D75D00E6E669 /* IntroPage.xib */,
			);
			name = Intro;
			path = MVC/Controller/Login/Intro;
			sourceTree = "<group>";
		};
		A1F29BDC73A05C1B83A86FA5 /* Pods */ = {
			isa = PBXGroup;
			children = (
				78BB75B01D5983B960F25346 /* Pods-HealthCare.debug.xcconfig */,
				1E2CD94AB9AD418DAB5DF6D2 /* Pods-HealthCare.release.xcconfig */,
			);
			name = Pods;
			sourceTree = "<group>";
		};
		A32794EC1E742D3A00053968 /* NoData */ = {
			isa = PBXGroup;
			children = (
				A32794ED1E742D6000053968 /* NoDataViewController.swift */,
			);
			name = NoData;
			sourceTree = "<group>";
		};
		A32794F31E74421900053968 /* CustomButtonBarViewCell */ = {
			isa = PBXGroup;
			children = (
				A32794F41E74434200053968 /* FavouriteTabBarCell.swift */,
				A32794F51E74434200053968 /* FavouriteTabBarCell.xib */,
			);
			name = CustomButtonBarViewCell;
			sourceTree = "<group>";
		};
		A342FB251E6DC7BE00FD822C /* Notifi */ = {
			isa = PBXGroup;
			children = (
				A342FB261E6DC7ED00FD822C /* NotificationViewController.swift */,
			);
			name = Notifi;
			sourceTree = "<group>";
		};
		A342FB281E6DCA5F00FD822C /* DetailFood */ = {
			isa = PBXGroup;
			children = (
				A342FB291E6DCA7F00FD822C /* DetailFoodViewController.swift */,
			);
			name = DetailFood;
			sourceTree = "<group>";
		};
		A34570041E6D3254007AEC8A /* Setting */ = {
			isa = PBXGroup;
			children = (
				A3ADCB911E71CBBA0083EF20 /* SettingViewController.swift */,
			);
			name = Setting;
			sourceTree = "<group>";
		};
		A356ACBF1E68702200716B68 /* Eat */ = {
			isa = PBXGroup;
			children = (
				A356ACC01E68704A00716B68 /* EatViewController.swift */,
			);
			name = Eat;
			sourceTree = "<group>";
		};
		A365049E1E6D0EE6005D3C1D /* Model */ = {
			isa = PBXGroup;
			children = (
				6177DAB61E73797400890BFB /* Object */,
				A385E7691E733C50005B493C /* APIModel */,
				A3ADCB801E71CAE70083EF20 /* Alarm */,
			);
			name = Model;
			path = MVC/Model;
			sourceTree = "<group>";
		};
		A385E71C1E72E0BE005B493C /* Drink */ = {
			isa = PBXGroup;
			children = (
				A385E71D1E72E1C5005B493C /* DrinkViewController.swift */,
				A385E71E1E72E1C5005B493C /* DrinkViewController.xib */,
			);
			name = Drink;
			sourceTree = "<group>";
		};
		A385E7691E733C50005B493C /* APIModel */ = {
			isa = PBXGroup;
			children = (
				A385E76A1E733C50005B493C /* APIModel.swift */,
			);
			path = APIModel;
			sourceTree = "<group>";
		};
		A385E76C1E733C69005B493C /* NeckExcercise */ = {
			isa = PBXGroup;
			children = (
				A385E76D1E733C69005B493C /* NeckExcerciseViewController.swift */,
				A385E76E1E733C69005B493C /* NeckExcerciseViewController.xib */,
			);
			path = NeckExcercise;
			sourceTree = "<group>";
		};
		A39145581E73946C00A2EB4E /* Favourite */ = {
			isa = PBXGroup;
			children = (
				A32794F31E74421900053968 /* CustomButtonBarViewCell */,
				A391455A1E73952400A2EB4E /* Exercise */,
				A39145591E73951E00A2EB4E /* Eat */,
				A391457A1E73B2E900A2EB4E /* FavouritesViewController.swift */,
			);
			name = Favourite;
			sourceTree = "<group>";
		};
		A39145591E73951E00A2EB4E /* Eat */ = {
			isa = PBXGroup;
			children = (
				A391456F1E73AAF100A2EB4E /* EatFavouriteViewController.swift */,
				A39145701E73AAF100A2EB4E /* EatFavouriteViewController.xib */,
			);
			name = Eat;
			sourceTree = "<group>";
		};
		A391455A1E73952400A2EB4E /* Exercise */ = {
			isa = PBXGroup;
			children = (
				A391455B1E73959B00A2EB4E /* ExFavouriteViewController.swift */,
				A391455C1E73959B00A2EB4E /* ExFavouriteViewController.xib */,
			);
			name = Exercise;
			sourceTree = "<group>";
		};
		A39145631E73989D00A2EB4E /* CustomCell */ = {
			isa = PBXGroup;
			children = (
				A39145731E73AC8E00A2EB4E /* FavEatCell */,
				A39145641E7398AF00A2EB4E /* FavExCell */,
			);
			name = CustomCell;
			sourceTree = "<group>";
		};
		A39145641E7398AF00A2EB4E /* FavExCell */ = {
			isa = PBXGroup;
			children = (
				A39145651E7398F100A2EB4E /* FavoriteExTableViewCell.swift */,
				A39145661E7398F100A2EB4E /* FavoriteExTableViewCell.xib */,
			);
			name = FavExCell;
			sourceTree = "<group>";
		};
		A39145731E73AC8E00A2EB4E /* FavEatCell */ = {
			isa = PBXGroup;
			children = (
				A39145741E73ACBB00A2EB4E /* FavEatCollectionViewCell.swift */,
				A39145751E73ACBB00A2EB4E /* FavEatCollectionViewCell.xib */,
			);
			name = FavEatCell;
			sourceTree = "<group>";
		};
		A391457E1E73C63200A2EB4E /* SalutationPopUp */ = {
			isa = PBXGroup;
			children = (
				A391457F1E73C63200A2EB4E /* SalutationPopUp.swift */,
				A39145801E73C63200A2EB4E /* SalutationPopUp.xib */,
			);
			name = SalutationPopUp;
			path = MVC/Controller/SalutationPopUp;
			sourceTree = "<group>";
		};
		A3ADCB7D1E71CAC70083EF20 /* MainAlarm */ = {
			isa = PBXGroup;
			children = (
				A3ADCB7E1E71CAC70083EF20 /* MainAlarmViewController.swift */,
			);
			path = MainAlarm;
			sourceTree = "<group>";
		};
		A3ADCB801E71CAE70083EF20 /* Alarm */ = {
			isa = PBXGroup;
			children = (
				A385E7591E733C36005B493C /* AlarmApplicationDelegate.swift */,
				A385E75A1E733C36005B493C /* AlarmModel.swift */,
				A385E75B1E733C36005B493C /* AlarmSchedulerDelegate.swift */,
				A385E75C1E733C36005B493C /* Identifier.swift */,
				A385E75D1E733C36005B493C /* Persistable.swift */,
				A385E75E1E733C36005B493C /* PropertyReflectable.swift */,
				A385E75F1E733C36005B493C /* Scheduler.swift */,
				A385E7601E733C36005B493C /* SegueInfo.swift */,
			);
			name = Alarm;
			sourceTree = "<group>";
		};
		A3C87F5F1E696BEB00141702 /* Food */ = {
			isa = PBXGroup;
			children = (
				A3C87F601E696C0A00141702 /* FoodViewController.swift */,
			);
			name = Food;
			sourceTree = "<group>";
		};
		A3EC76301E679C29006FB57B = {
			isa = PBXGroup;
			children = (
				A3EC763B1E679C29006FB57B /* HealthCare */,
				A3EC763A1E679C29006FB57B /* Products */,
				A1F29BDC73A05C1B83A86FA5 /* Pods */,
				378DA93F285EFF139E5185C5 /* Frameworks */,
			);
			sourceTree = "<group>";
		};
		A3EC763A1E679C29006FB57B /* Products */ = {
			isa = PBXGroup;
			children = (
				A3EC76391E679C29006FB57B /* HealthCare.app */,
			);
			name = Products;
			sourceTree = "<group>";
		};
		A3EC763B1E679C29006FB57B /* HealthCare */ = {
			isa = PBXGroup;
			children = (
				A3E470001E71D66D00C2C7F1 /* bell.mp3 */,
				61AB260C1E71A59400F5B4B2 /* Orther */,
				A356ACD21E68ACDE00716B68 /* HealthCare.entitlements */,
				A3EC76821E67D05E006FB57B /* Resources */,
				A3EC764E1E67A013006FB57B /* BasedViewController */,
				A3EC765A1E67A86A006FB57B /* Extensions */,
				A3EC766B1E67AF13006FB57B /* Lib */,
				A3EC76531E67A3E0006FB57B /* MVC */,
				A3EC763C1E679C29006FB57B /* AppDelegate.swift */,
				A3EC76401E679C29006FB57B /* Main.storyboard */,
				A3EC76431E679C29006FB57B /* Assets.xcassets */,
				A3EC76451E679C29006FB57B /* LaunchScreen.storyboard */,
				A3EC76481E679C29006FB57B /* Info.plist */,
				A356ACD01E68A03200716B68 /* GoogleService-Info.plist */,
			);
			path = HealthCare;
			sourceTree = "<group>";
		};
		A3EC764E1E67A013006FB57B /* BasedViewController */ = {
			isa = PBXGroup;
			children = (
				A3EC764F1E67A04A006FB57B /* BasedViewController.swift */,
				A3EC76511E67A1B5006FB57B /* BasedTableViewController.swift */,
				A356ACBD1E686F8900716B68 /* BasedCollectionViewController.swift */,
			);
			name = BasedViewController;
			sourceTree = "<group>";
		};
		A3EC76531E67A3E0006FB57B /* MVC */ = {
			isa = PBXGroup;
			children = (
				61AB261B1E71B29600F5B4B2 /* View */,
				A365049E1E6D0EE6005D3C1D /* Model */,
				A3EC76551E67A3ED006FB57B /* Controller */,
			);
			name = MVC;
			sourceTree = "<group>";
		};
		A3EC76551E67A3ED006FB57B /* Controller */ = {
			isa = PBXGroup;
			children = (
				A32794EC1E742D3A00053968 /* NoData */,
				A39145581E73946C00A2EB4E /* Favourite */,
				A385E71C1E72E0BE005B493C /* Drink */,
				61AB25F81E71A57900F5B4B2 /* Excercis */,
				61AB25F31E71A57000F5B4B2 /* Main */,
				A342FB281E6DCA5F00FD822C /* DetailFood */,
				A342FB251E6DC7BE00FD822C /* Notifi */,
				A34570041E6D3254007AEC8A /* Setting */,
				A3C87F5F1E696BEB00141702 /* Food */,
				A356ACBF1E68702200716B68 /* Eat */,
				A3F2BFB01E67EB9800DAAE3F /* Login */,
				A3F2BFAD1E67E8A300DAAE3F /* Menu */,
				A3ADCB7D1E71CAC70083EF20 /* MainAlarm */,
				A3EC767C1E67C426006FB57B /* Repeat */,
				A3EC76591E67A459006FB57B /* Reminder */,
			);
			name = Controller;
			sourceTree = "<group>";
		};
		A3EC76591E67A459006FB57B /* Reminder */ = {
			isa = PBXGroup;
			children = (
				A391457E1E73C63200A2EB4E /* SalutationPopUp */,
				A3ADCB791E71CAA20083EF20 /* ReminderViewController.swift */,
			);
			name = Reminder;
			sourceTree = "<group>";
		};
		A3EC765A1E67A86A006FB57B /* Extensions */ = {
			isa = PBXGroup;
			children = (
				A3EC765B1E67A86A006FB57B /* Dictionary.swift */,
				A3EC765C1E67A86A006FB57B /* NSDate.swift */,
				A3EC765D1E67A86A006FB57B /* String.swift */,
				A3EC765E1E67A86A006FB57B /* UIColor.swift */,
				A3EC765F1E67A86A006FB57B /* UITextField.swift */,
				A3EC76601E67A86A006FB57B /* UIView.swift */,
				A3EC76611E67A86A006FB57B /* UIViewController.swift */,
				A3EC76621E67A86A006FB57B /* Utilities.swift */,
			);
			path = Extensions;
			sourceTree = "<group>";
		};
		A3EC766B1E67AF13006FB57B /* Lib */ = {
			isa = PBXGroup;
			children = (
				A3EC767B1E67B000006FB57B /* HealthCare-Bridging-Header.h */,
				A3F194301E67F05000BD9F99 /* SlideMenuController */,
			);
			name = Lib;
			sourceTree = "<group>";
		};
		A3EC767C1E67C426006FB57B /* Repeat */ = {
			isa = PBXGroup;
			children = (
				A3ADCB7B1E71CABE0083EF20 /* RepeatViewController.swift */,
			);
			name = Repeat;
			sourceTree = "<group>";
		};
		A3EC76821E67D05E006FB57B /* Resources */ = {
			isa = PBXGroup;
			children = (
				A32794F01E743D6F00053968 /* icon-delete.png */,
				A369E3F21E73F4F7007A3D72 /* a5fa97aef368df714b8ed7faac85a379.png */,
				A391458F1E73E45500A2EB4E /* background.png */,
				A3EC76951E67D570006FB57B /* btn_back.png */,
				A3F2BFA71E67E56900DAAE3F /* btn_fb.png */,
				A3F2BFA81E67E56900DAAE3F /* btn_google.png */,
				A39145691E739A3900A2EB4E /* btn_play.png */,
				A369E3F61E73F76A007A3D72 /* detail_food_line.png */,
				6177DABF1E73D93300890BFB /* detailex_bg.png */,
				A356ACC81E68732800716B68 /* dinner_0.png */,
				A356ACC91E68732800716B68 /* dinner_1.png */,
				A356ACCA1E68732800716B68 /* dinner_2.png */,
				A39145911E73E49D00A2EB4E /* drink_bg.png */,
				A385E7231E72E8D7005B493C /* drink_clock_bg.png */,
				A385E7531E732C8C005B493C /* drink_hour.png */,
				A385E7541E732C8C005B493C /* drink_minute.png */,
				A385E7551E732C8C005B493C /* drink_sec.png */,
				A39145451E737C2000A2EB4E /* eat_background.png */,
				A32794DE1E741F8B00053968 /* eat_bg.png */,
				A39145461E737C2000A2EB4E /* eatclock.png */,
				A39145471E737C2000A2EB4E /* eatmain.png */,
				A39145481E737C2000A2EB4E /* exclock.png */,
				A391455F1E7396B900A2EB4E /* fav_eat_logo.png */,
				A39145601E7396B900A2EB4E /* fav_ex_logo.png */,
				A39145491E737C2000A2EB4E /* favorite_eat_bg.png */,
				A391454A1E737C2000A2EB4E /* favorite_ex_bg.png */,
				61AB260F1E71A5A300F5B4B2 /* font */,
				A3929D151E6C71110093403E /* food_background.png */,
				A3929D1B1E6C73340093403E /* food_cake.png */,
				A3929D181E6C72230093403E /* food_line.png */,
				A385E7331E731274005B493C /* Group 14.png */,
				A369E3F01E73EB07007A3D72 /* icon_love.png */,
				A32794FA1E744D5C00053968 /* icon_loved.png */,
				A391458B1E73D28400A2EB4E /* icon-add1.png */,
				A3F2BFA51E67E2CE00DAAE3F /* logo.png */,
				A356ACC21E68731F00716B68 /* lunch_0.png */,
				A356ACC31E68731F00716B68 /* lunch_1.png */,
				A356ACC41E68731F00716B68 /* lunch_2.png */,
				A3C87F641E6974A400141702 /* main_background.png */,
				A3F2BFAB1E67E7E900DAAE3F /* menu_logo.png */,
				A3C87F621E69734500141702 /* menu_white.png */,
				A356ACBB1E68670500716B68 /* menu.png */,
				A3EC76831E67D05E006FB57B /* next.png */,
				A32794EA1E742C9300053968 /* nodata_bg.png */,
				61DBCE521E74E8FA00E6E669 /* nodata_icon.png */,
				A39145541E737C2700A2EB4E /* register.png */,
			);
			path = Resources;
			sourceTree = "<group>";
		};
		A3F194301E67F05000BD9F99 /* SlideMenuController */ = {
			isa = PBXGroup;
			children = (
				A3F194311E67F05000BD9F99 /* Info.plist */,
				A3F194321E67F05000BD9F99 /* SlideMenuController.swift */,
				A3F194331E67F05000BD9F99 /* SlideMenuControllerSwift.h */,
			);
			path = SlideMenuController;
			sourceTree = "<group>";
		};
		A3F2BFAD1E67E8A300DAAE3F /* Menu */ = {
			isa = PBXGroup;
			children = (
				A3F2BFAE1E67E8C100DAAE3F /* LeftMenuViewController.swift */,
			);
			name = Menu;
			sourceTree = "<group>";
		};
		A3F2BFB01E67EB9800DAAE3F /* Login */ = {
			isa = PBXGroup;
			children = (
				61DBCE4F1E74D75D00E6E669 /* Intro */,
				A3F2BFB11E67EBB000DAAE3F /* LoginViewController.swift */,
			);
			name = Login;
			sourceTree = "<group>";
		};
/* End PBXGroup section */

/* Begin PBXNativeTarget section */
		A3EC76381E679C29006FB57B /* HealthCare */ = {
			isa = PBXNativeTarget;
			buildConfigurationList = A3EC764B1E679C29006FB57B /* Build configuration list for PBXNativeTarget "HealthCare" */;
			buildPhases = (
				C4BFF7676F385CE3B00923BA /* [CP] Check Pods Manifest.lock */,
				A3EC76351E679C29006FB57B /* Sources */,
				A3EC76361E679C29006FB57B /* Frameworks */,
				A3EC76371E679C29006FB57B /* Resources */,
				D359ACACE9D62E4A43F4C981 /* [CP] Embed Pods Frameworks */,
				9D75305DFE0210E87B365AC0 /* [CP] Copy Pods Resources */,
			);
			buildRules = (
			);
			dependencies = (
			);
			name = HealthCare;
			productName = HealthCare;
			productReference = A3EC76391E679C29006FB57B /* HealthCare.app */;
			productType = "com.apple.product-type.application";
		};
/* End PBXNativeTarget section */

/* Begin PBXProject section */
		A3EC76311E679C29006FB57B /* Project object */ = {
			isa = PBXProject;
			attributes = {
				LastSwiftUpdateCheck = 0820;
				LastUpgradeCheck = 0820;
				ORGANIZATIONNAME = "Vinh Nguyen";
				TargetAttributes = {
					A3EC76381E679C29006FB57B = {
						CreatedOnToolsVersion = 8.2.1;
						DevelopmentTeam = V87225KR53;
						ProvisioningStyle = Automatic;
						SystemCapabilities = {
							com.apple.Keychain = {
								enabled = 1;
							};
						};
					};
				};
			};
			buildConfigurationList = A3EC76341E679C29006FB57B /* Build configuration list for PBXProject "HealthCare" */;
			compatibilityVersion = "Xcode 3.2";
			developmentRegion = English;
			hasScannedForEncodings = 0;
			knownRegions = (
				en,
				Base,
			);
			mainGroup = A3EC76301E679C29006FB57B;
			productRefGroup = A3EC763A1E679C29006FB57B /* Products */;
			projectDirPath = "";
			projectRoot = "";
			targets = (
				A3EC76381E679C29006FB57B /* HealthCare */,
			);
		};
/* End PBXProject section */

/* Begin PBXResourcesBuildPhase section */
		A3EC76371E679C29006FB57B /* Resources */ = {
			isa = PBXResourcesBuildPhase;
			buildActionMask = 2147483647;
			files = (
				A3929D1A1E6C72230093403E /* food_line.png in Resources */,
				61AB26151E71A5A300F5B4B2 /* UTM-Neo-Sans-IntelBold_Italic.ttf in Resources */,
				A3EC76471E679C29006FB57B /* LaunchScreen.storyboard in Resources */,
				61DBCE531E74E8FA00E6E669 /* nodata_icon.png in Resources */,
				61AB26131E71A5A300F5B4B2 /* UTM-Neo-Sans-Intel.ttf in Resources */,
				A32794E31E74287300053968 /* icon_loved.png in Resources */,
				A369E3F11E73EB07007A3D72 /* icon_love.png in Resources */,
				A3EC76441E679C29006FB57B /* Assets.xcassets in Resources */,
				A385E7701E733C69005B493C /* NeckExcerciseViewController.xib in Resources */,
				A356ACBC1E68670500716B68 /* menu.png in Resources */,
				A39145611E7396B900A2EB4E /* fav_eat_logo.png in Resources */,
				A39145511E737C2000A2EB4E /* exclock.png in Resources */,
				A356ACCB1E68732800716B68 /* dinner_0.png in Resources */,
				A356ACC61E68731F00716B68 /* lunch_1.png in Resources */,
				61AB261F1E71B2E600F5B4B2 /* PlayingView.xib in Resources */,
				A3F2BFA91E67E56900DAAE3F /* btn_fb.png in Resources */,
				A3EC76841E67D05E006FB57B /* next.png in Resources */,
				A3F2BFAC1E67E7E900DAAE3F /* menu_logo.png in Resources */,
				61DBCE4E1E74CA8500E6E669 /* ExcercisCell1.xib in Resources */,
				A39145901E73E45500A2EB4E /* background.png in Resources */,
				A3E470011E71D66D00C2C7F1 /* bell.mp3 in Resources */,
				A32794FB1E744D5C00053968 /* icon_loved.png in Resources */,
				A39145821E73C63200A2EB4E /* SalutationPopUp.xib in Resources */,
				A3F2BFA61E67E2CE00DAAE3F /* logo.png in Resources */,
				A385E7201E72E1C5005B493C /* DrinkViewController.xib in Resources */,
				A391458C1E73D28400A2EB4E /* icon-add1.png in Resources */,
				A385E7341E731274005B493C /* Group 14.png in Resources */,
				A391455E1E73959B00A2EB4E /* ExFavouriteViewController.xib in Resources */,
				A356ACC71E68731F00716B68 /* lunch_2.png in Resources */,
				A32794EB1E742C9300053968 /* nodata_bg.png in Resources */,
				A3929D161E6C71110093403E /* food_background.png in Resources */,
				61DBCE511E74D75D00E6E669 /* IntroPage.xib in Resources */,
				A32794E51E7428CF00053968 /* Somatic-Rounded.otf in Resources */,
				A32794F11E743D6F00053968 /* icon-delete.png in Resources */,
				A39145681E7398F100A2EB4E /* FavoriteExTableViewCell.xib in Resources */,
				A39145721E73AAF100A2EB4E /* EatFavouriteViewController.xib in Resources */,
				A3929D1C1E6C73340093403E /* food_cake.png in Resources */,
				A356ACCC1E68732800716B68 /* dinner_1.png in Resources */,
				A32794DF1E741F8B00053968 /* eat_bg.png in Resources */,
				A3F194341E67F05000BD9F99 /* Info.plist in Resources */,
				61AB26091E71A57900F5B4B2 /* ExcercisSeeAllVC.xib in Resources */,
				61AB26141E71A5A300F5B4B2 /* UTM-Neo-Sans-IntelBold.ttf in Resources */,
				A3EC76421E679C29006FB57B /* Main.storyboard in Resources */,
				A391454E1E737C2000A2EB4E /* eat_background.png in Resources */,
				A356ACC51E68731F00716B68 /* lunch_0.png in Resources */,
				A385E7571E732C8C005B493C /* drink_minute.png in Resources */,
				A3C87F651E6974A400141702 /* main_background.png in Resources */,
				A3EC76961E67D570006FB57B /* btn_back.png in Resources */,
				61AB25F71E71A57000F5B4B2 /* MainViewController.xib in Resources */,
				61AB260B1E71A57900F5B4B2 /* ExcercisViewController.xib in Resources */,
				A385E7581E732C8C005B493C /* drink_sec.png in Resources */,
				A385E7241E72E8D7005B493C /* drink_clock_bg.png in Resources */,
				A391454F1E737C2000A2EB4E /* eatclock.png in Resources */,
				61AB26051E71A57900F5B4B2 /* ExcercisCell.xib in Resources */,
				A39145521E737C2000A2EB4E /* favorite_eat_bg.png in Resources */,
				A356ACD11E68A03200716B68 /* GoogleService-Info.plist in Resources */,
				A369E3F71E73F76A007A3D72 /* detail_food_line.png in Resources */,
				61AB26071E71A57900F5B4B2 /* SliderTableViewCell.xib in Resources */,
				A39145531E737C2000A2EB4E /* favorite_ex_bg.png in Resources */,
				A3F2BFAA1E67E56900DAAE3F /* btn_google.png in Resources */,
				A32794F71E74434200053968 /* FavouriteTabBarCell.xib in Resources */,
				61AB261A1E71A98000F5B4B2 /* ExcercisSeeAllCell.xib in Resources */,
				A391456A1E739A3900A2EB4E /* btn_play.png in Resources */,
				6177DAC01E73D93300890BFB /* detailex_bg.png in Resources */,
				A39145621E7396B900A2EB4E /* fav_ex_logo.png in Resources */,
				A356ACCD1E68732800716B68 /* dinner_2.png in Resources */,
				A385E7561E732C8C005B493C /* drink_hour.png in Resources */,
				A39145501E737C2000A2EB4E /* eatmain.png in Resources */,
				A3C87F631E69734500141702 /* menu_white.png in Resources */,
				A39145921E73E49D00A2EB4E /* drink_bg.png in Resources */,
				A369E3F31E73F4F7007A3D72 /* a5fa97aef368df714b8ed7faac85a379.png in Resources */,
				A39145551E737C2700A2EB4E /* register.png in Resources */,
				A39145771E73ACBB00A2EB4E /* FavEatCollectionViewCell.xib in Resources */,
			);
			runOnlyForDeploymentPostprocessing = 0;
		};
/* End PBXResourcesBuildPhase section */

/* Begin PBXShellScriptBuildPhase section */
		9D75305DFE0210E87B365AC0 /* [CP] Copy Pods Resources */ = {
			isa = PBXShellScriptBuildPhase;
			buildActionMask = 2147483647;
			files = (
			);
			inputPaths = (
			);
			name = "[CP] Copy Pods Resources";
			outputPaths = (
			);
			runOnlyForDeploymentPostprocessing = 0;
			shellPath = /bin/sh;
			shellScript = "\"${SRCROOT}/Pods/Target Support Files/Pods-HealthCare/Pods-HealthCare-resources.sh\"\n";
			showEnvVarsInLog = 0;
		};
		C4BFF7676F385CE3B00923BA /* [CP] Check Pods Manifest.lock */ = {
			isa = PBXShellScriptBuildPhase;
			buildActionMask = 2147483647;
			files = (
			);
			inputPaths = (
			);
			name = "[CP] Check Pods Manifest.lock";
			outputPaths = (
			);
			runOnlyForDeploymentPostprocessing = 0;
			shellPath = /bin/sh;
			shellScript = "diff \"${PODS_ROOT}/../Podfile.lock\" \"${PODS_ROOT}/Manifest.lock\" > /dev/null\nif [ $? != 0 ] ; then\n    # print error to STDERR\n    echo \"error: The sandbox is not in sync with the Podfile.lock. Run 'pod install' or update your CocoaPods installation.\" >&2\n    exit 1\nfi\n";
			showEnvVarsInLog = 0;
		};
		D359ACACE9D62E4A43F4C981 /* [CP] Embed Pods Frameworks */ = {
			isa = PBXShellScriptBuildPhase;
			buildActionMask = 2147483647;
			files = (
			);
			inputPaths = (
			);
			name = "[CP] Embed Pods Frameworks";
			outputPaths = (
			);
			runOnlyForDeploymentPostprocessing = 0;
			shellPath = /bin/sh;
			shellScript = "\"${SRCROOT}/Pods/Target Support Files/Pods-HealthCare/Pods-HealthCare-frameworks.sh\"\n";
			showEnvVarsInLog = 0;
		};
/* End PBXShellScriptBuildPhase section */

/* Begin PBXSourcesBuildPhase section */
		A3EC76351E679C29006FB57B /* Sources */ = {
			isa = PBXSourcesBuildPhase;
			buildActionMask = 2147483647;
			files = (
				A385E76B1E733C50005B493C /* APIModel.swift in Sources */,
				A391455D1E73959B00A2EB4E /* ExFavouriteViewController.swift in Sources */,
				A385E7671E733C36005B493C /* Scheduler.swift in Sources */,
				A385E7661E733C36005B493C /* PropertyReflectable.swift in Sources */,
				A3EC76681E67A86A006FB57B /* UIView.swift in Sources */,
				61AB25F61E71A57000F5B4B2 /* MainViewController.swift in Sources */,
				A3ADCB7A1E71CAA20083EF20 /* ReminderViewController.swift in Sources */,
				A3ADCB7C1E71CABE0083EF20 /* RepeatViewController.swift in Sources */,
				A3EC76501E67A04A006FB57B /* BasedViewController.swift in Sources */,
				61AB26081E71A57900F5B4B2 /* ExcercisSeeAllVC.swift in Sources */,
				A39145711E73AAF100A2EB4E /* EatFavouriteViewController.swift in Sources */,
				61AB26061E71A57900F5B4B2 /* SliderTableViewCell.swift in Sources */,
				A3EC76631E67A86A006FB57B /* Dictionary.swift in Sources */,
				A3F2BFB21E67EBB000DAAE3F /* LoginViewController.swift in Sources */,
				A385E7621E733C36005B493C /* AlarmModel.swift in Sources */,
				A32794EE1E742D6000053968 /* NoDataViewController.swift in Sources */,
				A385E7641E733C36005B493C /* Identifier.swift in Sources */,
				A3EC76691E67A86A006FB57B /* UIViewController.swift in Sources */,
				6177DABC1E73CFB000890BFB /* EatCategory.swift in Sources */,
				A342FB271E6DC7ED00FD822C /* NotificationViewController.swift in Sources */,
				A356ACC11E68704A00716B68 /* EatViewController.swift in Sources */,
				6177DABA1E7379F900890BFB /* Exercise.swift in Sources */,
				A385E7611E733C36005B493C /* AlarmApplicationDelegate.swift in Sources */,
				61AB260E1E71A59400F5B4B2 /* Constants.swift in Sources */,
				A3B93AF11E74DDB100386694 /* DetailFood.swift in Sources */,
				A3ADCB7F1E71CAC70083EF20 /* MainAlarmViewController.swift in Sources */,
				A3EC76671E67A86A006FB57B /* UITextField.swift in Sources */,
				A39145761E73ACBB00A2EB4E /* FavEatCollectionViewCell.swift in Sources */,
				A391457C1E73B2E900A2EB4E /* FavouritesViewController.swift in Sources */,
				A385E7631E733C36005B493C /* AlarmSchedulerDelegate.swift in Sources */,
				A342FB2A1E6DCA7F00FD822C /* DetailFoodViewController.swift in Sources */,
				A385E71F1E72E1C5005B493C /* DrinkViewController.swift in Sources */,
				A356ACBE1E686F8900716B68 /* BasedCollectionViewController.swift in Sources */,
				A3EC766A1E67A86A006FB57B /* Utilities.swift in Sources */,
				A385E7651E733C36005B493C /* Persistable.swift in Sources */,
				A3EC763D1E679C29006FB57B /* AppDelegate.swift in Sources */,
				A3EC76651E67A86A006FB57B /* String.swift in Sources */,
				A3C87F611E696C0A00141702 /* FoodViewController.swift in Sources */,
				A3EC76661E67A86A006FB57B /* UIColor.swift in Sources */,
				61AB26041E71A57900F5B4B2 /* ExcercisCell.swift in Sources */,
				6177DABE1E73CFCE00890BFB /* Eat.swift in Sources */,
				A385E7681E733C36005B493C /* SegueInfo.swift in Sources */,
				61AB26191E71A98000F5B4B2 /* ExcercisSeeAllCell.swift in Sources */,
				A3ADCB921E71CBBA0083EF20 /* SettingViewController.swift in Sources */,
				A39145671E7398F100A2EB4E /* FavoriteExTableViewCell.swift in Sources */,
				A3EC76641E67A86A006FB57B /* NSDate.swift in Sources */,
				A3F2BFAF1E67E8C100DAAE3F /* LeftMenuViewController.swift in Sources */,
				6177DAB81E73797C00890BFB /* ExerciseCategory.swift in Sources */,
				A385E76F1E733C69005B493C /* NeckExcerciseViewController.swift in Sources */,
				A3F194351E67F05000BD9F99 /* SlideMenuController.swift in Sources */,
				A32794F61E74434200053968 /* FavouriteTabBarCell.swift in Sources */,
				61AB261E1E71B2E600F5B4B2 /* PlayingView.swift in Sources */,
				A3EC76521E67A1B5006FB57B /* BasedTableViewController.swift in Sources */,
				A39145811E73C63200A2EB4E /* SalutationPopUp.swift in Sources */,
				61AB260A1E71A57900F5B4B2 /* ExcercisViewController.swift in Sources */,
			);
			runOnlyForDeploymentPostprocessing = 0;
		};
/* End PBXSourcesBuildPhase section */

/* Begin PBXVariantGroup section */
		A3EC76401E679C29006FB57B /* Main.storyboard */ = {
			isa = PBXVariantGroup;
			children = (
				A3EC76411E679C29006FB57B /* Base */,
			);
			name = Main.storyboard;
			sourceTree = "<group>";
		};
		A3EC76451E679C29006FB57B /* LaunchScreen.storyboard */ = {
			isa = PBXVariantGroup;
			children = (
				A3EC76461E679C29006FB57B /* Base */,
			);
			name = LaunchScreen.storyboard;
			sourceTree = "<group>";
		};
/* End PBXVariantGroup section */

/* Begin XCBuildConfiguration section */
		A3EC76491E679C29006FB57B /* Debug */ = {
			isa = XCBuildConfiguration;
			buildSettings = {
				ALWAYS_SEARCH_USER_PATHS = NO;
				CLANG_ANALYZER_NONNULL = YES;
				CLANG_CXX_LANGUAGE_STANDARD = "gnu++0x";
				CLANG_CXX_LIBRARY = "libc++";
				CLANG_ENABLE_MODULES = YES;
				CLANG_ENABLE_OBJC_ARC = YES;
				CLANG_WARN_BOOL_CONVERSION = YES;
				CLANG_WARN_CONSTANT_CONVERSION = YES;
				CLANG_WARN_DIRECT_OBJC_ISA_USAGE = YES_ERROR;
				CLANG_WARN_DOCUMENTATION_COMMENTS = YES;
				CLANG_WARN_EMPTY_BODY = YES;
				CLANG_WARN_ENUM_CONVERSION = YES;
				CLANG_WARN_INFINITE_RECURSION = YES;
				CLANG_WARN_INT_CONVERSION = YES;
				CLANG_WARN_OBJC_ROOT_CLASS = YES_ERROR;
				CLANG_WARN_SUSPICIOUS_MOVE = YES;
				CLANG_WARN_UNREACHABLE_CODE = YES;
				CLANG_WARN__DUPLICATE_METHOD_MATCH = YES;
				"CODE_SIGN_IDENTITY[sdk=iphoneos*]" = "iPhone Developer";
				COPY_PHASE_STRIP = NO;
				DEBUG_INFORMATION_FORMAT = dwarf;
				ENABLE_STRICT_OBJC_MSGSEND = YES;
				ENABLE_TESTABILITY = YES;
				GCC_C_LANGUAGE_STANDARD = gnu99;
				GCC_DYNAMIC_NO_PIC = NO;
				GCC_NO_COMMON_BLOCKS = YES;
				GCC_OPTIMIZATION_LEVEL = 0;
				GCC_PREPROCESSOR_DEFINITIONS = (
					"DEBUG=1",
					"$(inherited)",
				);
				GCC_WARN_64_TO_32_BIT_CONVERSION = YES;
				GCC_WARN_ABOUT_RETURN_TYPE = YES_ERROR;
				GCC_WARN_UNDECLARED_SELECTOR = YES;
				GCC_WARN_UNINITIALIZED_AUTOS = YES_AGGRESSIVE;
				GCC_WARN_UNUSED_FUNCTION = YES;
				GCC_WARN_UNUSED_VARIABLE = YES;
				IPHONEOS_DEPLOYMENT_TARGET = 10.2;
				MTL_ENABLE_DEBUG_INFO = YES;
				ONLY_ACTIVE_ARCH = YES;
				SDKROOT = iphoneos;
				SWIFT_ACTIVE_COMPILATION_CONDITIONS = DEBUG;
				SWIFT_OPTIMIZATION_LEVEL = "-Onone";
				TARGETED_DEVICE_FAMILY = "1,2";
			};
			name = Debug;
		};
		A3EC764A1E679C29006FB57B /* Release */ = {
			isa = XCBuildConfiguration;
			buildSettings = {
				ALWAYS_SEARCH_USER_PATHS = NO;
				CLANG_ANALYZER_NONNULL = YES;
				CLANG_CXX_LANGUAGE_STANDARD = "gnu++0x";
				CLANG_CXX_LIBRARY = "libc++";
				CLANG_ENABLE_MODULES = YES;
				CLANG_ENABLE_OBJC_ARC = YES;
				CLANG_WARN_BOOL_CONVERSION = YES;
				CLANG_WARN_CONSTANT_CONVERSION = YES;
				CLANG_WARN_DIRECT_OBJC_ISA_USAGE = YES_ERROR;
				CLANG_WARN_DOCUMENTATION_COMMENTS = YES;
				CLANG_WARN_EMPTY_BODY = YES;
				CLANG_WARN_ENUM_CONVERSION = YES;
				CLANG_WARN_INFINITE_RECURSION = YES;
				CLANG_WARN_INT_CONVERSION = YES;
				CLANG_WARN_OBJC_ROOT_CLASS = YES_ERROR;
				CLANG_WARN_SUSPICIOUS_MOVE = YES;
				CLANG_WARN_UNREACHABLE_CODE = YES;
				CLANG_WARN__DUPLICATE_METHOD_MATCH = YES;
				"CODE_SIGN_IDENTITY[sdk=iphoneos*]" = "iPhone Developer";
				COPY_PHASE_STRIP = NO;
				DEBUG_INFORMATION_FORMAT = "dwarf-with-dsym";
				ENABLE_NS_ASSERTIONS = NO;
				ENABLE_STRICT_OBJC_MSGSEND = YES;
				GCC_C_LANGUAGE_STANDARD = gnu99;
				GCC_NO_COMMON_BLOCKS = YES;
				GCC_WARN_64_TO_32_BIT_CONVERSION = YES;
				GCC_WARN_ABOUT_RETURN_TYPE = YES_ERROR;
				GCC_WARN_UNDECLARED_SELECTOR = YES;
				GCC_WARN_UNINITIALIZED_AUTOS = YES_AGGRESSIVE;
				GCC_WARN_UNUSED_FUNCTION = YES;
				GCC_WARN_UNUSED_VARIABLE = YES;
				IPHONEOS_DEPLOYMENT_TARGET = 10.2;
				MTL_ENABLE_DEBUG_INFO = NO;
				SDKROOT = iphoneos;
				SWIFT_OPTIMIZATION_LEVEL = "-Owholemodule";
				TARGETED_DEVICE_FAMILY = "1,2";
				VALIDATE_PRODUCT = YES;
			};
			name = Release;
		};
		A3EC764C1E679C29006FB57B /* Debug */ = {
			isa = XCBuildConfiguration;
			baseConfigurationReference = 78BB75B01D5983B960F25346 /* Pods-HealthCare.debug.xcconfig */;
			buildSettings = {
				ASSETCATALOG_COMPILER_APPICON_NAME = AppIcon;
				CODE_SIGN_ENTITLEMENTS = HealthCare/HealthCare.entitlements;
				"CODE_SIGN_IDENTITY[sdk=iphoneos*]" = "iPhone Developer";
				DEVELOPMENT_TEAM = V87225KR53;
				INFOPLIST_FILE = HealthCare/Info.plist;
				IPHONEOS_DEPLOYMENT_TARGET = 8.0;
				LD_RUNPATH_SEARCH_PATHS = "$(inherited) @executable_path/Frameworks";
				PRODUCT_BUNDLE_IDENTIFIER = com.FLYJSC.HealthCare;
				PRODUCT_NAME = "$(TARGET_NAME)";
				SWIFT_OBJC_BRIDGING_HEADER = "HealthCare/Lib/HealthCare-Bridging-Header.h";
				SWIFT_VERSION = 3.0;
			};
			name = Debug;
		};
		A3EC764D1E679C29006FB57B /* Release */ = {
			isa = XCBuildConfiguration;
			baseConfigurationReference = 1E2CD94AB9AD418DAB5DF6D2 /* Pods-HealthCare.release.xcconfig */;
			buildSettings = {
				ASSETCATALOG_COMPILER_APPICON_NAME = AppIcon;
				CODE_SIGN_ENTITLEMENTS = HealthCare/HealthCare.entitlements;
				"CODE_SIGN_IDENTITY[sdk=iphoneos*]" = "iPhone Developer";
				DEVELOPMENT_TEAM = V87225KR53;
				INFOPLIST_FILE = HealthCare/Info.plist;
				IPHONEOS_DEPLOYMENT_TARGET = 8.0;
				LD_RUNPATH_SEARCH_PATHS = "$(inherited) @executable_path/Frameworks";
				PRODUCT_BUNDLE_IDENTIFIER = com.FLYJSC.HealthCare;
				PRODUCT_NAME = "$(TARGET_NAME)";
				SWIFT_OBJC_BRIDGING_HEADER = "HealthCare/Lib/HealthCare-Bridging-Header.h";
				SWIFT_VERSION = 3.0;
			};
			name = Release;
		};
/* End XCBuildConfiguration section */

/* Begin XCConfigurationList section */
		A3EC76341E679C29006FB57B /* Build configuration list for PBXProject "HealthCare" */ = {
			isa = XCConfigurationList;
			buildConfigurations = (
				A3EC76491E679C29006FB57B /* Debug */,
				A3EC764A1E679C29006FB57B /* Release */,
			);
			defaultConfigurationIsVisible = 0;
			defaultConfigurationName = Release;
		};
		A3EC764B1E679C29006FB57B /* Build configuration list for PBXNativeTarget "HealthCare" */ = {
			isa = XCConfigurationList;
			buildConfigurations = (
				A3EC764C1E679C29006FB57B /* Debug */,
				A3EC764D1E679C29006FB57B /* Release */,
			);
			defaultConfigurationIsVisible = 0;
			defaultConfigurationName = Release;
		};
/* End XCConfigurationList section */
	};
	rootObject = A3EC76311E679C29006FB57B /* Project object */;
}
