PODS:
  - Alamofire (4.4.0)
  - Bolts (1.8.4):
    - Bolts/AppLinks (= 1.8.4)
    - Bolts/Tasks (= 1.8.4)
  - Bolts/AppLinks (1.8.4):
    - Bolts/Tasks
  - Bolts/Tasks (1.8.4)
  - DZNEmptyDataSet (1.8.1)
  - EAIntroView (2.10.0):
    - EARestrictedScrollView (~> 1.1.0)
  - EARestrictedScrollView (1.1.0)
  - FacebookCore (0.2.0):
    - Bolts (~> 1.8)
    - FBSDKCoreKit (~> 4.15)
  - FacebookLogin (0.2.0):
    - Bolts (~> 1.8)
    - FacebookCore (~> 0.2)
    - FBSDKCoreKit (~> 4.15)
    - FBSDKLoginKit (~> 4.15)
  - FacebookShare (0.2.0):
    - Bolts (~> 1.8)
    - FacebookCore (~> 0.2)
    - FBSDKCoreKit (~> 4.15)
    - FBSDKShareKit (~> 4.15)
  - FBSDKCoreKit (4.18.0):
    - Bolts (~> 1.7)
  - FBSDKLoginKit (4.18.0):
    - FBSDKCoreKit
  - FBSDKShareKit (4.18.0):
    - FBSDKCoreKit
  - FirebaseAnalytics (3.6.0):
    - FirebaseCore (~> 3.4)
    - FirebaseInstanceID (~> 1.0)
    - GoogleInterchangeUtilities (~> 1.2)
    - GoogleSymbolUtilities (~> 1.1)
    - GoogleToolboxForMac/NSData+zlib (~> 2.1)
  - FirebaseCore (3.4.5):
    - GoogleInterchangeUtilities (~> 1.2)
    - GoogleToolboxForMac/NSData+zlib (~> 2.1)
  - FirebaseInstanceID (1.0.8)
  - Google/Core (3.0.3):
    - FirebaseAnalytics (~> 3.2)
  - Google/SignIn (3.0.3):
    - Google/Core
    - GoogleSignIn (~> 4.0)
  - GoogleAppUtilities (1.1.2):
    - GoogleSymbolUtilities (~> 1.1)
  - GoogleInterchangeUtilities (1.2.2):
    - GoogleSymbolUtilities (~> 1.1)
  - GoogleSignIn (4.0.1):
    - GoogleAppUtilities (~> 1.1)
    - GoogleToolboxForMac/NSDictionary+URLArguments (~> 2.1)
    - GTMOAuth2 (~> 1.0)
    - GTMSessionFetcher/Core (~> 1.1)
  - GoogleSymbolUtilities (1.1.2)
  - GoogleToolboxForMac/DebugUtils (2.1.0):
    - GoogleToolboxForMac/Defines (= 2.1.0)
  - GoogleToolboxForMac/Defines (2.1.0)
  - GoogleToolboxForMac/NSData+zlib (2.1.0):
    - GoogleToolboxForMac/Defines (= 2.1.0)
  - GoogleToolboxForMac/NSDictionary+URLArguments (2.1.0):
    - GoogleToolboxForMac/DebugUtils (= 2.1.0)
    - GoogleToolboxForMac/Defines (= 2.1.0)
    - GoogleToolboxForMac/NSString+URLArguments (= 2.1.0)
  - GoogleToolboxForMac/NSString+URLArguments (2.1.0)
  - GTMOAuth2 (1.1.4):
    - GTMSessionFetcher (~> 1.1)
  - GTMSessionFetcher (1.1.7):
    - GTMSessionFetcher/Full (= 1.1.7)
  - GTMSessionFetcher/Core (1.1.7)
  - GTMSessionFetcher/Full (1.1.7):
    - GTMSessionFetcher/Core (= 1.1.7)
  - PopupDialog (0.5.3)
  - SAMKeychain (1.5.2)
  - SDWebImage (4.0.0):
    - SDWebImage/Core (= 4.0.0)
  - SDWebImage/Core (4.0.0)
  - SnapKit (3.2.0)
  - SVProgressHUD (2.1.2)
  - XLPagerTabStrip (7.0.0)
  - youtube-ios-player-helper (0.1.6)

DEPENDENCIES:
  - Alamofire
  - DZNEmptyDataSet
  - EAIntroView
  - FacebookCore
  - FacebookLogin
  - FacebookShare
  - Google/SignIn
  - PopupDialog
  - SAMKeychain
  - SDWebImage
  - SnapKit
  - SVProgressHUD
  - XLPagerTabStrip
  - youtube-ios-player-helper

SPEC CHECKSUMS:
  Alamofire: dc44b1600b800eb63da6a19039a0083d62a6a62d
  Bolts: 8a7995239dbe724f9cba2248b766d48b7ebdd322
  DZNEmptyDataSet: 9525833b9e68ac21c30253e1d3d7076cc828eaa7
  EAIntroView: 3494b7bbd1212e3a4f7e8d16194a1b00e7b9abb2
  EARestrictedScrollView: b0c2a3f92fb2610bb44d71c5e4893777c89e45ef
  FacebookCore: 2cb3f0fbff218e9d3119cec84bae983b232412de
  FacebookLogin: c9d606504735780a9e3002465a615512e0a691a5
  FacebookShare: 8e9ee8ea06505e6a1d3d719b0cc63e840fb8aaeb
  FBSDKCoreKit: 15fef8804a4629f98c6f4e55e81a76c9d725d85e
  FBSDKLoginKit: 6773073e970b2b15fb12e451ce7f11da0532b880
  FBSDKShareKit: 0b8d6cc3f103c75297eb3c62caec284a2ccf1b9e
  FirebaseAnalytics: 9c67af0ebeb8d2146c9b4ea2616439affa947b58
  FirebaseCore: 1e383fdfe37b6b5d6ff88e84204bdee30276af0f
  FirebaseInstanceID: ba1e640935235e5fac39dfa816fe7660e72e1a8a
  Google: 813c467362eabc11385f5a5cc9ad0cb651a58f4e
  GoogleAppUtilities: a8a552aa74f6597f805e45b5a3962766c3134973
  GoogleInterchangeUtilities: d5bc4d88d5b661ab72f9d70c58d02ca8c27ad1f7
  GoogleSignIn: a8694c0a8e6d1b0ec77c58014de5bfd4ba2fa766
  GoogleSymbolUtilities: 631ee17048aa5e9ab133470d768ea997a5ef9b96
  GoogleToolboxForMac: 2b2596cbb7186865e98cadf2b1e262d851c2b168
  GTMOAuth2: 7fc9c10f5c745f4d9850419ea88889fe3baa6b7d
  GTMSessionFetcher: a1f8ed39e4fe21c68957daed472c7afbcdf29166
  PopupDialog: 533dd564f8781633375505b9fbd406f8f146ccc9
  SAMKeychain: 1865333198217411f35327e8da61b43de79b635b
  SDWebImage: 76a6348bdc74eb5a55dd08a091ef298e56b55e41
  SnapKit: 1ca44df72cfa543218d177cb8aab029d10d86ea7
  SVProgressHUD: c404a55d78acbeb7ebb78b76d3faf986475a6994
  XLPagerTabStrip: 9be80a66c6b7d60306b2c0a6004965016d68f813
  youtube-ios-player-helper: 21ab92db027c7ff86cb17a3843a3f6eafc8158d2

PODFILE CHECKSUM: 2dc50eb47d9356a7763728c25cc56594d48f8237

COCOAPODS: 1.2.0
